
Microsoft Visual Studio Solution File, Format Version 12.00
# Visual Studio Version 17
VisualStudioVersion = 17.4.33205.214
MinimumVisualStudioVersion = 10.0.40219.1
Project("{9A19103F-16F7-4668-BE54-9A1E7A4F7556}") = "P42.Utils", "P42.Utils\P42.Utils\P42.Utils.csproj", "{609DE145-9639-4456-B25F-B323D0F7A338}"
EndProject
Project("{9A19103F-16F7-4668-BE54-9A1E7A4F7556}") = "P42.Utils.Uno", "P42.Utils\P42.Utils.Uno\P42.Utils.Uno.csproj", "{478923A9-5BBE-4245-812A-E6E75BA30CA6}"
EndProject
Project("{9A19103F-16F7-4668-BE54-9A1E7A4F7556}") = "P42.Uno.Markup", "P42.Uno.Markup\P42.Uno.Markup\P42.Uno.Markup.csproj", "{44962BBF-BD41-48E5-9A5D-2AC4A3A66397}"
EndProject
Project("{9A19103F-16F7-4668-BE54-9A1E7A4F7556}") = "P42.Uno.Controls", "P42.Uno.Controls\P42.Uno.Controls.csproj", "{E7ACAB8A-9E14-496F-B18D-A76D4F87D1BE}"
EndProject
Project("{9A19103F-16F7-4668-BE54-9A1E7A4F7556}") = "Demo_5_2", "Demo_5_2\Demo_5_2\Demo_5_2.csproj", "{018E58F1-304B-4B32-88A3-FF056F3F3833}"
EndProject
Global
	GlobalSection(SolutionConfigurationPlatforms) = preSolution
		Ad-Hoc|Any CPU = Ad-Hoc|Any CPU
		Ad-Hoc|ARM = Ad-Hoc|ARM
		Ad-Hoc|ARM64 = Ad-Hoc|ARM64
		Ad-Hoc|iPhone = Ad-Hoc|iPhone
		Ad-Hoc|iPhoneSimulator = Ad-Hoc|iPhoneSimulator
		Ad-Hoc|x64 = Ad-Hoc|x64
		Ad-Hoc|x86 = Ad-Hoc|x86
		AppStore|Any CPU = AppStore|Any CPU
		AppStore|ARM = AppStore|ARM
		AppStore|ARM64 = AppStore|ARM64
		AppStore|iPhone = AppStore|iPhone
		AppStore|iPhoneSimulator = AppStore|iPhoneSimulator
		AppStore|x64 = AppStore|x64
		AppStore|x86 = AppStore|x86
		Debug|Any CPU = Debug|Any CPU
		Debug|ARM = Debug|ARM
		Debug|ARM64 = Debug|ARM64
		Debug|iPhone = Debug|iPhone
		Debug|iPhoneSimulator = Debug|iPhoneSimulator
		Debug|x64 = Debug|x64
		Debug|x86 = Debug|x86
		Release|Any CPU = Release|Any CPU
		Release|ARM = Release|ARM
		Release|ARM64 = Release|ARM64
		Release|iPhone = Release|iPhone
		Release|iPhoneSimulator = Release|iPhoneSimulator
		Release|x64 = Release|x64
		Release|x86 = Release|x86
	EndGlobalSection
	GlobalSection(ProjectConfigurationPlatforms) = postSolution
		{609DE145-9639-4456-B25F-B323D0F7A338}.Ad-Hoc|Any CPU.ActiveCfg = Release|Any CPU
		{609DE145-9639-4456-B25F-B323D0F7A338}.Ad-Hoc|Any CPU.Build.0 = Release|Any CPU
		{609DE145-9639-4456-B25F-B323D0F7A338}.Ad-Hoc|ARM.ActiveCfg = Release|Any CPU
		{609DE145-9639-4456-B25F-B323D0F7A338}.Ad-Hoc|ARM.Build.0 = Release|Any CPU
		{609DE145-9639-4456-B25F-B323D0F7A338}.Ad-Hoc|ARM64.ActiveCfg = Release|Any CPU
		{609DE145-9639-4456-B25F-B323D0F7A338}.Ad-Hoc|ARM64.Build.0 = Release|Any CPU
		{609DE145-9639-4456-B25F-B323D0F7A338}.Ad-Hoc|iPhone.ActiveCfg = Release|Any CPU
		{609DE145-9639-4456-B25F-B323D0F7A338}.Ad-Hoc|iPhone.Build.0 = Release|Any CPU
		{609DE145-9639-4456-B25F-B323D0F7A338}.Ad-Hoc|iPhoneSimulator.ActiveCfg = Release|Any CPU
		{609DE145-9639-4456-B25F-B323D0F7A338}.Ad-Hoc|iPhoneSimulator.Build.0 = Release|Any CPU
		{609DE145-9639-4456-B25F-B323D0F7A338}.Ad-Hoc|x64.ActiveCfg = Release|Any CPU
		{609DE145-9639-4456-B25F-B323D0F7A338}.Ad-Hoc|x64.Build.0 = Release|Any CPU
		{609DE145-9639-4456-B25F-B323D0F7A338}.Ad-Hoc|x86.ActiveCfg = Release|Any CPU
		{609DE145-9639-4456-B25F-B323D0F7A338}.Ad-Hoc|x86.Build.0 = Release|Any CPU
		{609DE145-9639-4456-B25F-B323D0F7A338}.AppStore|Any CPU.ActiveCfg = Release|Any CPU
		{609DE145-9639-4456-B25F-B323D0F7A338}.AppStore|Any CPU.Build.0 = Release|Any CPU
		{609DE145-9639-4456-B25F-B323D0F7A338}.AppStore|ARM.ActiveCfg = Release|Any CPU
		{609DE145-9639-4456-B25F-B323D0F7A338}.AppStore|ARM.Build.0 = Release|Any CPU
		{609DE145-9639-4456-B25F-B323D0F7A338}.AppStore|ARM64.ActiveCfg = Release|Any CPU
		{609DE145-9639-4456-B25F-B323D0F7A338}.AppStore|ARM64.Build.0 = Release|Any CPU
		{609DE145-9639-4456-B25F-B323D0F7A338}.AppStore|iPhone.ActiveCfg = Release|Any CPU
		{609DE145-9639-4456-B25F-B323D0F7A338}.AppStore|iPhone.Build.0 = Release|Any CPU
		{609DE145-9639-4456-B25F-B323D0F7A338}.AppStore|iPhoneSimulator.ActiveCfg = Release|Any CPU
		{609DE145-9639-4456-B25F-B323D0F7A338}.AppStore|iPhoneSimulator.Build.0 = Release|Any CPU
		{609DE145-9639-4456-B25F-B323D0F7A338}.AppStore|x64.ActiveCfg = Release|Any CPU
		{609DE145-9639-4456-B25F-B323D0F7A338}.AppStore|x64.Build.0 = Release|Any CPU
		{609DE145-9639-4456-B25F-B323D0F7A338}.AppStore|x86.ActiveCfg = Release|Any CPU
		{609DE145-9639-4456-B25F-B323D0F7A338}.AppStore|x86.Build.0 = Release|Any CPU
		{609DE145-9639-4456-B25F-B323D0F7A338}.Debug|Any CPU.ActiveCfg = Debug|Any CPU
		{609DE145-9639-4456-B25F-B323D0F7A338}.Debug|Any CPU.Build.0 = Debug|Any CPU
		{609DE145-9639-4456-B25F-B323D0F7A338}.Debug|ARM.ActiveCfg = Debug|Any CPU
		{609DE145-9639-4456-B25F-B323D0F7A338}.Debug|ARM.Build.0 = Debug|Any CPU
		{609DE145-9639-4456-B25F-B323D0F7A338}.Debug|ARM64.ActiveCfg = Debug|Any CPU
		{609DE145-9639-4456-B25F-B323D0F7A338}.Debug|ARM64.Build.0 = Debug|Any CPU
		{609DE145-9639-4456-B25F-B323D0F7A338}.Debug|iPhone.ActiveCfg = Debug|Any CPU
		{609DE145-9639-4456-B25F-B323D0F7A338}.Debug|iPhone.Build.0 = Debug|Any CPU
		{609DE145-9639-4456-B25F-B323D0F7A338}.Debug|iPhoneSimulator.ActiveCfg = Debug|Any CPU
		{609DE145-9639-4456-B25F-B323D0F7A338}.Debug|iPhoneSimulator.Build.0 = Debug|Any CPU
		{609DE145-9639-4456-B25F-B323D0F7A338}.Debug|x64.ActiveCfg = Debug|Any CPU
		{609DE145-9639-4456-B25F-B323D0F7A338}.Debug|x64.Build.0 = Debug|Any CPU
		{609DE145-9639-4456-B25F-B323D0F7A338}.Debug|x86.ActiveCfg = Debug|Any CPU
		{609DE145-9639-4456-B25F-B323D0F7A338}.Debug|x86.Build.0 = Debug|Any CPU
		{609DE145-9639-4456-B25F-B323D0F7A338}.Release|Any CPU.ActiveCfg = Release|Any CPU
		{609DE145-9639-4456-B25F-B323D0F7A338}.Release|Any CPU.Build.0 = Release|Any CPU
		{609DE145-9639-4456-B25F-B323D0F7A338}.Release|ARM.ActiveCfg = Release|Any CPU
		{609DE145-9639-4456-B25F-B323D0F7A338}.Release|ARM.Build.0 = Release|Any CPU
		{609DE145-9639-4456-B25F-B323D0F7A338}.Release|ARM64.ActiveCfg = Release|Any CPU
		{609DE145-9639-4456-B25F-B323D0F7A338}.Release|ARM64.Build.0 = Release|Any CPU
		{609DE145-9639-4456-B25F-B323D0F7A338}.Release|iPhone.ActiveCfg = Release|Any CPU
		{609DE145-9639-4456-B25F-B323D0F7A338}.Release|iPhone.Build.0 = Release|Any CPU
		{609DE145-9639-4456-B25F-B323D0F7A338}.Release|iPhoneSimulator.ActiveCfg = Release|Any CPU
		{609DE145-9639-4456-B25F-B323D0F7A338}.Release|iPhoneSimulator.Build.0 = Release|Any CPU
		{609DE145-9639-4456-B25F-B323D0F7A338}.Release|x64.ActiveCfg = Release|Any CPU
		{609DE145-9639-4456-B25F-B323D0F7A338}.Release|x64.Build.0 = Release|Any CPU
		{609DE145-9639-4456-B25F-B323D0F7A338}.Release|x86.ActiveCfg = Release|Any CPU
		{609DE145-9639-4456-B25F-B323D0F7A338}.Release|x86.Build.0 = Release|Any CPU
		{478923A9-5BBE-4245-812A-E6E75BA30CA6}.Ad-Hoc|Any CPU.ActiveCfg = Debug|Any CPU
		{478923A9-5BBE-4245-812A-E6E75BA30CA6}.Ad-Hoc|Any CPU.Build.0 = Debug|Any CPU
		{478923A9-5BBE-4245-812A-E6E75BA30CA6}.Ad-Hoc|ARM.ActiveCfg = Debug|Any CPU
		{478923A9-5BBE-4245-812A-E6E75BA30CA6}.Ad-Hoc|ARM.Build.0 = Debug|Any CPU
		{478923A9-5BBE-4245-812A-E6E75BA30CA6}.Ad-Hoc|ARM64.ActiveCfg = Debug|Any CPU
		{478923A9-5BBE-4245-812A-E6E75BA30CA6}.Ad-Hoc|ARM64.Build.0 = Debug|Any CPU
		{478923A9-5BBE-4245-812A-E6E75BA30CA6}.Ad-Hoc|iPhone.ActiveCfg = Debug|Any CPU
		{478923A9-5BBE-4245-812A-E6E75BA30CA6}.Ad-Hoc|iPhone.Build.0 = Debug|Any CPU
		{478923A9-5BBE-4245-812A-E6E75BA30CA6}.Ad-Hoc|iPhoneSimulator.ActiveCfg = Debug|Any CPU
		{478923A9-5BBE-4245-812A-E6E75BA30CA6}.Ad-Hoc|iPhoneSimulator.Build.0 = Debug|Any CPU
		{478923A9-5BBE-4245-812A-E6E75BA30CA6}.Ad-Hoc|x64.ActiveCfg = Debug|Any CPU
		{478923A9-5BBE-4245-812A-E6E75BA30CA6}.Ad-Hoc|x64.Build.0 = Debug|Any CPU
		{478923A9-5BBE-4245-812A-E6E75BA30CA6}.Ad-Hoc|x86.ActiveCfg = Debug|Any CPU
		{478923A9-5BBE-4245-812A-E6E75BA30CA6}.Ad-Hoc|x86.Build.0 = Debug|Any CPU
		{478923A9-5BBE-4245-812A-E6E75BA30CA6}.AppStore|Any CPU.ActiveCfg = Debug|Any CPU
		{478923A9-5BBE-4245-812A-E6E75BA30CA6}.AppStore|Any CPU.Build.0 = Debug|Any CPU
		{478923A9-5BBE-4245-812A-E6E75BA30CA6}.AppStore|ARM.ActiveCfg = Debug|Any CPU
		{478923A9-5BBE-4245-812A-E6E75BA30CA6}.AppStore|ARM.Build.0 = Debug|Any CPU
		{478923A9-5BBE-4245-812A-E6E75BA30CA6}.AppStore|ARM64.ActiveCfg = Debug|Any CPU
		{478923A9-5BBE-4245-812A-E6E75BA30CA6}.AppStore|ARM64.Build.0 = Debug|Any CPU
		{478923A9-5BBE-4245-812A-E6E75BA30CA6}.AppStore|iPhone.ActiveCfg = Debug|Any CPU
		{478923A9-5BBE-4245-812A-E6E75BA30CA6}.AppStore|iPhone.Build.0 = Debug|Any CPU
		{478923A9-5BBE-4245-812A-E6E75BA30CA6}.AppStore|iPhoneSimulator.ActiveCfg = Debug|Any CPU
		{478923A9-5BBE-4245-812A-E6E75BA30CA6}.AppStore|iPhoneSimulator.Build.0 = Debug|Any CPU
		{478923A9-5BBE-4245-812A-E6E75BA30CA6}.AppStore|x64.ActiveCfg = Debug|Any CPU
		{478923A9-5BBE-4245-812A-E6E75BA30CA6}.AppStore|x64.Build.0 = Debug|Any CPU
		{478923A9-5BBE-4245-812A-E6E75BA30CA6}.AppStore|x86.ActiveCfg = Debug|Any CPU
		{478923A9-5BBE-4245-812A-E6E75BA30CA6}.AppStore|x86.Build.0 = Debug|Any CPU
		{478923A9-5BBE-4245-812A-E6E75BA30CA6}.Debug|Any CPU.ActiveCfg = Debug|Any CPU
		{478923A9-5BBE-4245-812A-E6E75BA30CA6}.Debug|Any CPU.Build.0 = Debug|Any CPU
		{478923A9-5BBE-4245-812A-E6E75BA30CA6}.Debug|ARM.ActiveCfg = Debug|Any CPU
		{478923A9-5BBE-4245-812A-E6E75BA30CA6}.Debug|ARM.Build.0 = Debug|Any CPU
		{478923A9-5BBE-4245-812A-E6E75BA30CA6}.Debug|ARM64.ActiveCfg = Debug|Any CPU
		{478923A9-5BBE-4245-812A-E6E75BA30CA6}.Debug|ARM64.Build.0 = Debug|Any CPU
		{478923A9-5BBE-4245-812A-E6E75BA30CA6}.Debug|iPhone.ActiveCfg = Debug|Any CPU
		{478923A9-5BBE-4245-812A-E6E75BA30CA6}.Debug|iPhone.Build.0 = Debug|Any CPU
		{478923A9-5BBE-4245-812A-E6E75BA30CA6}.Debug|iPhoneSimulator.ActiveCfg = Debug|Any CPU
		{478923A9-5BBE-4245-812A-E6E75BA30CA6}.Debug|iPhoneSimulator.Build.0 = Debug|Any CPU
		{478923A9-5BBE-4245-812A-E6E75BA30CA6}.Debug|x64.ActiveCfg = Debug|Any CPU
		{478923A9-5BBE-4245-812A-E6E75BA30CA6}.Debug|x64.Build.0 = Debug|Any CPU
		{478923A9-5BBE-4245-812A-E6E75BA30CA6}.Debug|x86.ActiveCfg = Debug|Any CPU
		{478923A9-5BBE-4245-812A-E6E75BA30CA6}.Debug|x86.Build.0 = Debug|Any CPU
		{478923A9-5BBE-4245-812A-E6E75BA30CA6}.Release|Any CPU.ActiveCfg = Release|Any CPU
		{478923A9-5BBE-4245-812A-E6E75BA30CA6}.Release|Any CPU.Build.0 = Release|Any CPU
		{478923A9-5BBE-4245-812A-E6E75BA30CA6}.Release|ARM.ActiveCfg = Release|Any CPU
		{478923A9-5BBE-4245-812A-E6E75BA30CA6}.Release|ARM.Build.0 = Release|Any CPU
		{478923A9-5BBE-4245-812A-E6E75BA30CA6}.Release|ARM64.ActiveCfg = Release|Any CPU
		{478923A9-5BBE-4245-812A-E6E75BA30CA6}.Release|ARM64.Build.0 = Release|Any CPU
		{478923A9-5BBE-4245-812A-E6E75BA30CA6}.Release|iPhone.ActiveCfg = Release|Any CPU
		{478923A9-5BBE-4245-812A-E6E75BA30CA6}.Release|iPhone.Build.0 = Release|Any CPU
		{478923A9-5BBE-4245-812A-E6E75BA30CA6}.Release|iPhoneSimulator.ActiveCfg = Release|Any CPU
		{478923A9-5BBE-4245-812A-E6E75BA30CA6}.Release|iPhoneSimulator.Build.0 = Release|Any CPU
		{478923A9-5BBE-4245-812A-E6E75BA30CA6}.Release|x64.ActiveCfg = Release|Any CPU
		{478923A9-5BBE-4245-812A-E6E75BA30CA6}.Release|x64.Build.0 = Release|Any CPU
		{478923A9-5BBE-4245-812A-E6E75BA30CA6}.Release|x86.ActiveCfg = Release|Any CPU
		{478923A9-5BBE-4245-812A-E6E75BA30CA6}.Release|x86.Build.0 = Release|Any CPU
		{44962BBF-BD41-48E5-9A5D-2AC4A3A66397}.Ad-Hoc|Any CPU.ActiveCfg = Debug|Any CPU
		{44962BBF-BD41-48E5-9A5D-2AC4A3A66397}.Ad-Hoc|Any CPU.Build.0 = Debug|Any CPU
		{44962BBF-BD41-48E5-9A5D-2AC4A3A66397}.Ad-Hoc|ARM.ActiveCfg = Debug|Any CPU
		{44962BBF-BD41-48E5-9A5D-2AC4A3A66397}.Ad-Hoc|ARM.Build.0 = Debug|Any CPU
		{44962BBF-BD41-48E5-9A5D-2AC4A3A66397}.Ad-Hoc|ARM64.ActiveCfg = Debug|Any CPU
		{44962BBF-BD41-48E5-9A5D-2AC4A3A66397}.Ad-Hoc|ARM64.Build.0 = Debug|Any CPU
		{44962BBF-BD41-48E5-9A5D-2AC4A3A66397}.Ad-Hoc|iPhone.ActiveCfg = Debug|Any CPU
		{44962BBF-BD41-48E5-9A5D-2AC4A3A66397}.Ad-Hoc|iPhone.Build.0 = Debug|Any CPU
		{44962BBF-BD41-48E5-9A5D-2AC4A3A66397}.Ad-Hoc|iPhoneSimulator.ActiveCfg = Debug|Any CPU
		{44962BBF-BD41-48E5-9A5D-2AC4A3A66397}.Ad-Hoc|iPhoneSimulator.Build.0 = Debug|Any CPU
		{44962BBF-BD41-48E5-9A5D-2AC4A3A66397}.Ad-Hoc|x64.ActiveCfg = Debug|Any CPU
		{44962BBF-BD41-48E5-9A5D-2AC4A3A66397}.Ad-Hoc|x64.Build.0 = Debug|Any CPU
		{44962BBF-BD41-48E5-9A5D-2AC4A3A66397}.Ad-Hoc|x86.ActiveCfg = Debug|Any CPU
		{44962BBF-BD41-48E5-9A5D-2AC4A3A66397}.Ad-Hoc|x86.Build.0 = Debug|Any CPU
		{44962BBF-BD41-48E5-9A5D-2AC4A3A66397}.AppStore|Any CPU.ActiveCfg = Debug|Any CPU
		{44962BBF-BD41-48E5-9A5D-2AC4A3A66397}.AppStore|Any CPU.Build.0 = Debug|Any CPU
		{44962BBF-BD41-48E5-9A5D-2AC4A3A66397}.AppStore|ARM.ActiveCfg = Debug|Any CPU
		{44962BBF-BD41-48E5-9A5D-2AC4A3A66397}.AppStore|ARM.Build.0 = Debug|Any CPU
		{44962BBF-BD41-48E5-9A5D-2AC4A3A66397}.AppStore|ARM64.ActiveCfg = Debug|Any CPU
		{44962BBF-BD41-48E5-9A5D-2AC4A3A66397}.AppStore|ARM64.Build.0 = Debug|Any CPU
		{44962BBF-BD41-48E5-9A5D-2AC4A3A66397}.AppStore|iPhone.ActiveCfg = Debug|Any CPU
		{44962BBF-BD41-48E5-9A5D-2AC4A3A66397}.AppStore|iPhone.Build.0 = Debug|Any CPU
		{44962BBF-BD41-48E5-9A5D-2AC4A3A66397}.AppStore|iPhoneSimulator.ActiveCfg = Debug|Any CPU
		{44962BBF-BD41-48E5-9A5D-2AC4A3A66397}.AppStore|iPhoneSimulator.Build.0 = Debug|Any CPU
		{44962BBF-BD41-48E5-9A5D-2AC4A3A66397}.AppStore|x64.ActiveCfg = Debug|Any CPU
		{44962BBF-BD41-48E5-9A5D-2AC4A3A66397}.AppStore|x64.Build.0 = Debug|Any CPU
		{44962BBF-BD41-48E5-9A5D-2AC4A3A66397}.AppStore|x86.ActiveCfg = Debug|Any CPU
		{44962BBF-BD41-48E5-9A5D-2AC4A3A66397}.AppStore|x86.Build.0 = Debug|Any CPU
		{44962BBF-BD41-48E5-9A5D-2AC4A3A66397}.Debug|Any CPU.ActiveCfg = Debug|Any CPU
		{44962BBF-BD41-48E5-9A5D-2AC4A3A66397}.Debug|Any CPU.Build.0 = Debug|Any CPU
		{44962BBF-BD41-48E5-9A5D-2AC4A3A66397}.Debug|ARM.ActiveCfg = Debug|Any CPU
		{44962BBF-BD41-48E5-9A5D-2AC4A3A66397}.Debug|ARM.Build.0 = Debug|Any CPU
		{44962BBF-BD41-48E5-9A5D-2AC4A3A66397}.Debug|ARM64.ActiveCfg = Debug|Any CPU
		{44962BBF-BD41-48E5-9A5D-2AC4A3A66397}.Debug|ARM64.Build.0 = Debug|Any CPU
		{44962BBF-BD41-48E5-9A5D-2AC4A3A66397}.Debug|iPhone.ActiveCfg = Debug|Any CPU
		{44962BBF-BD41-48E5-9A5D-2AC4A3A66397}.Debug|iPhone.Build.0 = Debug|Any CPU
		{44962BBF-BD41-48E5-9A5D-2AC4A3A66397}.Debug|iPhoneSimulator.ActiveCfg = Debug|Any CPU
		{44962BBF-BD41-48E5-9A5D-2AC4A3A66397}.Debug|iPhoneSimulator.Build.0 = Debug|Any CPU
		{44962BBF-BD41-48E5-9A5D-2AC4A3A66397}.Debug|x64.ActiveCfg = Debug|Any CPU
		{44962BBF-BD41-48E5-9A5D-2AC4A3A66397}.Debug|x64.Build.0 = Debug|Any CPU
		{44962BBF-BD41-48E5-9A5D-2AC4A3A66397}.Debug|x86.ActiveCfg = Debug|Any CPU
		{44962BBF-BD41-48E5-9A5D-2AC4A3A66397}.Debug|x86.Build.0 = Debug|Any CPU
		{44962BBF-BD41-48E5-9A5D-2AC4A3A66397}.Release|Any CPU.ActiveCfg = Release|Any CPU
		{44962BBF-BD41-48E5-9A5D-2AC4A3A66397}.Release|Any CPU.Build.0 = Release|Any CPU
		{44962BBF-BD41-48E5-9A5D-2AC4A3A66397}.Release|ARM.ActiveCfg = Release|Any CPU
		{44962BBF-BD41-48E5-9A5D-2AC4A3A66397}.Release|ARM.Build.0 = Release|Any CPU
		{44962BBF-BD41-48E5-9A5D-2AC4A3A66397}.Release|ARM64.ActiveCfg = Release|Any CPU
		{44962BBF-BD41-48E5-9A5D-2AC4A3A66397}.Release|ARM64.Build.0 = Release|Any CPU
		{44962BBF-BD41-48E5-9A5D-2AC4A3A66397}.Release|iPhone.ActiveCfg = Release|Any CPU
		{44962BBF-BD41-48E5-9A5D-2AC4A3A66397}.Release|iPhone.Build.0 = Release|Any CPU
		{44962BBF-BD41-48E5-9A5D-2AC4A3A66397}.Release|iPhoneSimulator.ActiveCfg = Release|Any CPU
		{44962BBF-BD41-48E5-9A5D-2AC4A3A66397}.Release|iPhoneSimulator.Build.0 = Release|Any CPU
		{44962BBF-BD41-48E5-9A5D-2AC4A3A66397}.Release|x64.ActiveCfg = Release|Any CPU
		{44962BBF-BD41-48E5-9A5D-2AC4A3A66397}.Release|x64.Build.0 = Release|Any CPU
		{44962BBF-BD41-48E5-9A5D-2AC4A3A66397}.Release|x86.ActiveCfg = Release|Any CPU
		{44962BBF-BD41-48E5-9A5D-2AC4A3A66397}.Release|x86.Build.0 = Release|Any CPU
		{E7ACAB8A-9E14-496F-B18D-A76D4F87D1BE}.Ad-Hoc|Any CPU.ActiveCfg = Debug|Any CPU
		{E7ACAB8A-9E14-496F-B18D-A76D4F87D1BE}.Ad-Hoc|Any CPU.Build.0 = Debug|Any CPU
		{E7ACAB8A-9E14-496F-B18D-A76D4F87D1BE}.Ad-Hoc|ARM.ActiveCfg = Debug|Any CPU
		{E7ACAB8A-9E14-496F-B18D-A76D4F87D1BE}.Ad-Hoc|ARM.Build.0 = Debug|Any CPU
		{E7ACAB8A-9E14-496F-B18D-A76D4F87D1BE}.Ad-Hoc|ARM64.ActiveCfg = Debug|Any CPU
		{E7ACAB8A-9E14-496F-B18D-A76D4F87D1BE}.Ad-Hoc|ARM64.Build.0 = Debug|Any CPU
		{E7ACAB8A-9E14-496F-B18D-A76D4F87D1BE}.Ad-Hoc|iPhone.ActiveCfg = Debug|Any CPU
		{E7ACAB8A-9E14-496F-B18D-A76D4F87D1BE}.Ad-Hoc|iPhone.Build.0 = Debug|Any CPU
		{E7ACAB8A-9E14-496F-B18D-A76D4F87D1BE}.Ad-Hoc|iPhoneSimulator.ActiveCfg = Debug|Any CPU
		{E7ACAB8A-9E14-496F-B18D-A76D4F87D1BE}.Ad-Hoc|iPhoneSimulator.Build.0 = Debug|Any CPU
		{E7ACAB8A-9E14-496F-B18D-A76D4F87D1BE}.Ad-Hoc|x64.ActiveCfg = Debug|Any CPU
		{E7ACAB8A-9E14-496F-B18D-A76D4F87D1BE}.Ad-Hoc|x64.Build.0 = Debug|Any CPU
		{E7ACAB8A-9E14-496F-B18D-A76D4F87D1BE}.Ad-Hoc|x86.ActiveCfg = Debug|Any CPU
		{E7ACAB8A-9E14-496F-B18D-A76D4F87D1BE}.Ad-Hoc|x86.Build.0 = Debug|Any CPU
		{E7ACAB8A-9E14-496F-B18D-A76D4F87D1BE}.AppStore|Any CPU.ActiveCfg = Debug|Any CPU
		{E7ACAB8A-9E14-496F-B18D-A76D4F87D1BE}.AppStore|Any CPU.Build.0 = Debug|Any CPU
		{E7ACAB8A-9E14-496F-B18D-A76D4F87D1BE}.AppStore|ARM.ActiveCfg = Debug|Any CPU
		{E7ACAB8A-9E14-496F-B18D-A76D4F87D1BE}.AppStore|ARM.Build.0 = Debug|Any CPU
		{E7ACAB8A-9E14-496F-B18D-A76D4F87D1BE}.AppStore|ARM64.ActiveCfg = Debug|Any CPU
		{E7ACAB8A-9E14-496F-B18D-A76D4F87D1BE}.AppStore|ARM64.Build.0 = Debug|Any CPU
		{E7ACAB8A-9E14-496F-B18D-A76D4F87D1BE}.AppStore|iPhone.ActiveCfg = Debug|Any CPU
		{E7ACAB8A-9E14-496F-B18D-A76D4F87D1BE}.AppStore|iPhone.Build.0 = Debug|Any CPU
		{E7ACAB8A-9E14-496F-B18D-A76D4F87D1BE}.AppStore|iPhoneSimulator.ActiveCfg = Debug|Any CPU
		{E7ACAB8A-9E14-496F-B18D-A76D4F87D1BE}.AppStore|iPhoneSimulator.Build.0 = Debug|Any CPU
		{E7ACAB8A-9E14-496F-B18D-A76D4F87D1BE}.AppStore|x64.ActiveCfg = Debug|Any CPU
		{E7ACAB8A-9E14-496F-B18D-A76D4F87D1BE}.AppStore|x64.Build.0 = Debug|Any CPU
		{E7ACAB8A-9E14-496F-B18D-A76D4F87D1BE}.AppStore|x86.ActiveCfg = Debug|Any CPU
		{E7ACAB8A-9E14-496F-B18D-A76D4F87D1BE}.AppStore|x86.Build.0 = Debug|Any CPU
		{E7ACAB8A-9E14-496F-B18D-A76D4F87D1BE}.Debug|Any CPU.ActiveCfg = Debug|Any CPU
		{E7ACAB8A-9E14-496F-B18D-A76D4F87D1BE}.Debug|Any CPU.Build.0 = Debug|Any CPU
		{E7ACAB8A-9E14-496F-B18D-A76D4F87D1BE}.Debug|ARM.ActiveCfg = Debug|Any CPU
		{E7ACAB8A-9E14-496F-B18D-A76D4F87D1BE}.Debug|ARM.Build.0 = Debug|Any CPU
		{E7ACAB8A-9E14-496F-B18D-A76D4F87D1BE}.Debug|ARM64.ActiveCfg = Debug|Any CPU
		{E7ACAB8A-9E14-496F-B18D-A76D4F87D1BE}.Debug|ARM64.Build.0 = Debug|Any CPU
		{E7ACAB8A-9E14-496F-B18D-A76D4F87D1BE}.Debug|iPhone.ActiveCfg = Debug|Any CPU
		{E7ACAB8A-9E14-496F-B18D-A76D4F87D1BE}.Debug|iPhone.Build.0 = Debug|Any CPU
		{E7ACAB8A-9E14-496F-B18D-A76D4F87D1BE}.Debug|iPhoneSimulator.ActiveCfg = Debug|Any CPU
		{E7ACAB8A-9E14-496F-B18D-A76D4F87D1BE}.Debug|iPhoneSimulator.Build.0 = Debug|Any CPU
		{E7ACAB8A-9E14-496F-B18D-A76D4F87D1BE}.Debug|x64.ActiveCfg = Debug|Any CPU
		{E7ACAB8A-9E14-496F-B18D-A76D4F87D1BE}.Debug|x64.Build.0 = Debug|Any CPU
		{E7ACAB8A-9E14-496F-B18D-A76D4F87D1BE}.Debug|x86.ActiveCfg = Debug|Any CPU
		{E7ACAB8A-9E14-496F-B18D-A76D4F87D1BE}.Debug|x86.Build.0 = Debug|Any CPU
		{E7ACAB8A-9E14-496F-B18D-A76D4F87D1BE}.Release|Any CPU.ActiveCfg = Release|Any CPU
		{E7ACAB8A-9E14-496F-B18D-A76D4F87D1BE}.Release|Any CPU.Build.0 = Release|Any CPU
		{E7ACAB8A-9E14-496F-B18D-A76D4F87D1BE}.Release|ARM.ActiveCfg = Release|Any CPU
		{E7ACAB8A-9E14-496F-B18D-A76D4F87D1BE}.Release|ARM.Build.0 = Release|Any CPU
		{E7ACAB8A-9E14-496F-B18D-A76D4F87D1BE}.Release|ARM64.ActiveCfg = Release|Any CPU
		{E7ACAB8A-9E14-496F-B18D-A76D4F87D1BE}.Release|ARM64.Build.0 = Release|Any CPU
		{E7ACAB8A-9E14-496F-B18D-A76D4F87D1BE}.Release|iPhone.ActiveCfg = Release|Any CPU
		{E7ACAB8A-9E14-496F-B18D-A76D4F87D1BE}.Release|iPhone.Build.0 = Release|Any CPU
		{E7ACAB8A-9E14-496F-B18D-A76D4F87D1BE}.Release|iPhoneSimulator.ActiveCfg = Release|Any CPU
		{E7ACAB8A-9E14-496F-B18D-A76D4F87D1BE}.Release|iPhoneSimulator.Build.0 = Release|Any CPU
		{E7ACAB8A-9E14-496F-B18D-A76D4F87D1BE}.Release|x64.ActiveCfg = Release|Any CPU
		{E7ACAB8A-9E14-496F-B18D-A76D4F87D1BE}.Release|x64.Build.0 = Release|Any CPU
		{E7ACAB8A-9E14-496F-B18D-A76D4F87D1BE}.Release|x86.ActiveCfg = Release|Any CPU
		{E7ACAB8A-9E14-496F-B18D-A76D4F87D1BE}.Release|x86.Build.0 = Release|Any CPU
		{018E58F1-304B-4B32-88A3-FF056F3F3833}.Ad-Hoc|Any CPU.ActiveCfg = Debug|Any CPU
		{018E58F1-304B-4B32-88A3-FF056F3F3833}.Ad-Hoc|Any CPU.Build.0 = Debug|Any CPU
		{018E58F1-304B-4B32-88A3-FF056F3F3833}.Ad-Hoc|Any CPU.Deploy.0 = Debug|Any CPU
		{018E58F1-304B-4B32-88A3-FF056F3F3833}.Ad-Hoc|ARM.ActiveCfg = Debug|Any CPU
		{018E58F1-304B-4B32-88A3-FF056F3F3833}.Ad-Hoc|ARM.Build.0 = Debug|Any CPU
		{018E58F1-304B-4B32-88A3-FF056F3F3833}.Ad-Hoc|ARM.Deploy.0 = Debug|Any CPU
		{018E58F1-304B-4B32-88A3-FF056F3F3833}.Ad-Hoc|ARM64.ActiveCfg = Debug|Any CPU
		{018E58F1-304B-4B32-88A3-FF056F3F3833}.Ad-Hoc|ARM64.Build.0 = Debug|Any CPU
		{018E58F1-304B-4B32-88A3-FF056F3F3833}.Ad-Hoc|ARM64.Deploy.0 = Debug|Any CPU
		{018E58F1-304B-4B32-88A3-FF056F3F3833}.Ad-Hoc|iPhone.ActiveCfg = Debug|Any CPU
		{018E58F1-304B-4B32-88A3-FF056F3F3833}.Ad-Hoc|iPhone.Build.0 = Debug|Any CPU
		{018E58F1-304B-4B32-88A3-FF056F3F3833}.Ad-Hoc|iPhone.Deploy.0 = Debug|Any CPU
		{018E58F1-304B-4B32-88A3-FF056F3F3833}.Ad-Hoc|iPhoneSimulator.ActiveCfg = Debug|Any CPU
		{018E58F1-304B-4B32-88A3-FF056F3F3833}.Ad-Hoc|iPhoneSimulator.Build.0 = Debug|Any CPU
		{018E58F1-304B-4B32-88A3-FF056F3F3833}.Ad-Hoc|iPhoneSimulator.Deploy.0 = Debug|Any CPU
		{018E58F1-304B-4B32-88A3-FF056F3F3833}.Ad-Hoc|x64.ActiveCfg = Debug|Any CPU
		{018E58F1-304B-4B32-88A3-FF056F3F3833}.Ad-Hoc|x64.Build.0 = Debug|Any CPU
		{018E58F1-304B-4B32-88A3-FF056F3F3833}.Ad-Hoc|x64.Deploy.0 = Debug|Any CPU
		{018E58F1-304B-4B32-88A3-FF056F3F3833}.Ad-Hoc|x86.ActiveCfg = Debug|Any CPU
		{018E58F1-304B-4B32-88A3-FF056F3F3833}.Ad-Hoc|x86.Build.0 = Debug|Any CPU
		{018E58F1-304B-4B32-88A3-FF056F3F3833}.Ad-Hoc|x86.Deploy.0 = Debug|Any CPU
		{018E58F1-304B-4B32-88A3-FF056F3F3833}.AppStore|Any CPU.ActiveCfg = Debug|Any CPU
		{018E58F1-304B-4B32-88A3-FF056F3F3833}.AppStore|Any CPU.Build.0 = Debug|Any CPU
		{018E58F1-304B-4B32-88A3-FF056F3F3833}.AppStore|Any CPU.Deploy.0 = Debug|Any CPU
		{018E58F1-304B-4B32-88A3-FF056F3F3833}.AppStore|ARM.ActiveCfg = Debug|Any CPU
		{018E58F1-304B-4B32-88A3-FF056F3F3833}.AppStore|ARM.Build.0 = Debug|Any CPU
		{018E58F1-304B-4B32-88A3-FF056F3F3833}.AppStore|ARM.Deploy.0 = Debug|Any CPU
		{018E58F1-304B-4B32-88A3-FF056F3F3833}.AppStore|ARM64.ActiveCfg = Debug|Any CPU
		{018E58F1-304B-4B32-88A3-FF056F3F3833}.AppStore|ARM64.Build.0 = Debug|Any CPU
		{018E58F1-304B-4B32-88A3-FF056F3F3833}.AppStore|ARM64.Deploy.0 = Debug|Any CPU
		{018E58F1-304B-4B32-88A3-FF056F3F3833}.AppStore|iPhone.ActiveCfg = Debug|Any CPU
		{018E58F1-304B-4B32-88A3-FF056F3F3833}.AppStore|iPhone.Build.0 = Debug|Any CPU
		{018E58F1-304B-4B32-88A3-FF056F3F3833}.AppStore|iPhone.Deploy.0 = Debug|Any CPU
		{018E58F1-304B-4B32-88A3-FF056F3F3833}.AppStore|iPhoneSimulator.ActiveCfg = Debug|Any CPU
		{018E58F1-304B-4B32-88A3-FF056F3F3833}.AppStore|iPhoneSimulator.Build.0 = Debug|Any CPU
		{018E58F1-304B-4B32-88A3-FF056F3F3833}.AppStore|iPhoneSimulator.Deploy.0 = Debug|Any CPU
		{018E58F1-304B-4B32-88A3-FF056F3F3833}.AppStore|x64.ActiveCfg = Debug|Any CPU
		{018E58F1-304B-4B32-88A3-FF056F3F3833}.AppStore|x64.Build.0 = Debug|Any CPU
		{018E58F1-304B-4B32-88A3-FF056F3F3833}.AppStore|x64.Deploy.0 = Debug|Any CPU
		{018E58F1-304B-4B32-88A3-FF056F3F3833}.AppStore|x86.ActiveCfg = Debug|Any CPU
		{018E58F1-304B-4B32-88A3-FF056F3F3833}.AppStore|x86.Build.0 = Debug|Any CPU
		{018E58F1-304B-4B32-88A3-FF056F3F3833}.AppStore|x86.Deploy.0 = Debug|Any CPU
		{018E58F1-304B-4B32-88A3-FF056F3F3833}.Debug|Any CPU.ActiveCfg = Debug|Any CPU
		{018E58F1-304B-4B32-88A3-FF056F3F3833}.Debug|Any CPU.Build.0 = Debug|Any CPU
		{018E58F1-304B-4B32-88A3-FF056F3F3833}.Debug|Any CPU.Deploy.0 = Debug|Any CPU
		{018E58F1-304B-4B32-88A3-FF056F3F3833}.Debug|ARM.ActiveCfg = Debug|Any CPU
		{018E58F1-304B-4B32-88A3-FF056F3F3833}.Debug|ARM.Build.0 = Debug|Any CPU
		{018E58F1-304B-4B32-88A3-FF056F3F3833}.Debug|ARM.Deploy.0 = Debug|Any CPU
		{018E58F1-304B-4B32-88A3-FF056F3F3833}.Debug|ARM64.ActiveCfg = Debug|Any CPU
		{018E58F1-304B-4B32-88A3-FF056F3F3833}.Debug|ARM64.Build.0 = Debug|Any CPU
		{018E58F1-304B-4B32-88A3-FF056F3F3833}.Debug|ARM64.Deploy.0 = Debug|Any CPU
		{018E58F1-304B-4B32-88A3-FF056F3F3833}.Debug|iPhone.ActiveCfg = Debug|Any CPU
		{018E58F1-304B-4B32-88A3-FF056F3F3833}.Debug|iPhone.Build.0 = Debug|Any CPU
		{018E58F1-304B-4B32-88A3-FF056F3F3833}.Debug|iPhone.Deploy.0 = Debug|Any CPU
		{018E58F1-304B-4B32-88A3-FF056F3F3833}.Debug|iPhoneSimulator.ActiveCfg = Debug|Any CPU
		{018E58F1-304B-4B32-88A3-FF056F3F3833}.Debug|iPhoneSimulator.Build.0 = Debug|Any CPU
		{018E58F1-304B-4B32-88A3-FF056F3F3833}.Debug|iPhoneSimulator.Deploy.0 = Debug|Any CPU
		{018E58F1-304B-4B32-88A3-FF056F3F3833}.Debug|x64.ActiveCfg = Debug|Any CPU
		{018E58F1-304B-4B32-88A3-FF056F3F3833}.Debug|x64.Build.0 = Debug|Any CPU
		{018E58F1-304B-4B32-88A3-FF056F3F3833}.Debug|x64.Deploy.0 = Debug|Any CPU
		{018E58F1-304B-4B32-88A3-FF056F3F3833}.Debug|x86.ActiveCfg = Debug|Any CPU
		{018E58F1-304B-4B32-88A3-FF056F3F3833}.Debug|x86.Build.0 = Debug|Any CPU
		{018E58F1-304B-4B32-88A3-FF056F3F3833}.Debug|x86.Deploy.0 = Debug|Any CPU
		{018E58F1-304B-4B32-88A3-FF056F3F3833}.Release|Any CPU.ActiveCfg = Release|Any CPU
		{018E58F1-304B-4B32-88A3-FF056F3F3833}.Release|Any CPU.Build.0 = Release|Any CPU
		{018E58F1-304B-4B32-88A3-FF056F3F3833}.Release|Any CPU.Deploy.0 = Release|Any CPU
		{018E58F1-304B-4B32-88A3-FF056F3F3833}.Release|ARM.ActiveCfg = Release|Any CPU
		{018E58F1-304B-4B32-88A3-FF056F3F3833}.Release|ARM.Build.0 = Release|Any CPU
		{018E58F1-304B-4B32-88A3-FF056F3F3833}.Release|ARM.Deploy.0 = Release|Any CPU
		{018E58F1-304B-4B32-88A3-FF056F3F3833}.Release|ARM64.ActiveCfg = Release|Any CPU
		{018E58F1-304B-4B32-88A3-FF056F3F3833}.Release|ARM64.Build.0 = Release|Any CPU
		{018E58F1-304B-4B32-88A3-FF056F3F3833}.Release|ARM64.Deploy.0 = Release|Any CPU
		{018E58F1-304B-4B32-88A3-FF056F3F3833}.Release|iPhone.ActiveCfg = Release|Any CPU
		{018E58F1-304B-4B32-88A3-FF056F3F3833}.Release|iPhone.Build.0 = Release|Any CPU
		{018E58F1-304B-4B32-88A3-FF056F3F3833}.Release|iPhone.Deploy.0 = Release|Any CPU
		{018E58F1-304B-4B32-88A3-FF056F3F3833}.Release|iPhoneSimulator.ActiveCfg = Release|Any CPU
		{018E58F1-304B-4B32-88A3-FF056F3F3833}.Release|iPhoneSimulator.Build.0 = Release|Any CPU
		{018E58F1-304B-4B32-88A3-FF056F3F3833}.Release|iPhoneSimulator.Deploy.0 = Release|Any CPU
		{018E58F1-304B-4B32-88A3-FF056F3F3833}.Release|x64.ActiveCfg = Release|Any CPU
		{018E58F1-304B-4B32-88A3-FF056F3F3833}.Release|x64.Build.0 = Release|Any CPU
		{018E58F1-304B-4B32-88A3-FF056F3F3833}.Release|x64.Deploy.0 = Release|Any CPU
		{018E58F1-304B-4B32-88A3-FF056F3F3833}.Release|x86.ActiveCfg = Release|Any CPU
		{018E58F1-304B-4B32-88A3-FF056F3F3833}.Release|x86.Build.0 = Release|Any CPU
		{018E58F1-304B-4B32-88A3-FF056F3F3833}.Release|x86.Deploy.0 = Release|Any CPU
	EndGlobalSection
	GlobalSection(SolutionProperties) = preSolution
		HideSolutionNode = FALSE
	EndGlobalSection
	GlobalSection(ExtensibilityGlobals) = postSolution
		SolutionGuid = {B578C203-05E0-4D0A-BEB0-432A1D6DEC5D}
	EndGlobalSection
EndGlobal
