
Microsoft Visual Studio Solution File, Format Version 12.00
# Visual Studio Version 16
VisualStudioVersion = 16.0.30517.126
MinimumVisualStudioVersion = 10.0.40219.1
Project("{D954291E-2A0B-460D-934E-DC6B0785DB48}") = "P42.Uno.Controls.Test.Shared", "P42.Uno.Controls.Test\P42.Uno.Controls.Test.Shared\P42.Uno.Controls.Test.Shared.shproj", "{FBA76CFA-F1D2-45AB-B109-771AC34A9BCB}"
EndProject
Project("{FAE04EC0-301F-11D3-BF4B-00C04F79EFBC}") = "P42.Uno.Controls.Test.iOS", "P42.Uno.Controls.Test\P42.Uno.Controls.Test.iOS\P42.Uno.Controls.Test.iOS.csproj", "{2B511ED3-25A2-419D-BED3-2E55B6EAE130}"
EndProject
Project("{9A19103F-16F7-4668-BE54-9A1E7A4F7556}") = "P42.Utils", "P42.Utils\P42.Utils\P42.Utils.csproj", "{609DE145-9639-4456-B25F-B323D0F7A338}"
EndProject
Project("{2150E333-8FDC-42A3-9474-1A3956D46DE8}") = "P42.Uno.Controls", "P42.Uno.Controls", "{2DA6EE46-BB4A-4C26-92EB-9C0632DF494C}"
EndProject
Project("{FAE04EC0-301F-11D3-BF4B-00C04F79EFBC}") = "P42.Uno.Markup.iOS", "P42.Uno.Markup\P42.Uno.Markup\P42.Uno.Markup.iOS.csproj", "{50F278C5-CE67-41E5-AA46-CB285EAB2B55}"
EndProject
Project("{FAE04EC0-301F-11D3-BF4B-00C04F79EFBC}") = "P42.Uno.Controls.iOS", "P42.Uno.Controls\P42.Uno.Controls.iOS.csproj", "{51B840D1-A248-4450-96EC-44DDAA789EAB}"
EndProject
Project("{FAE04EC0-301F-11D3-BF4B-00C04F79EFBC}") = "P42.Utils.Uno.iOS", "P42.Utils\P42.Utils.Uno\P42.Utils.Uno.iOS.csproj", "{684DFBE1-23E9-49D6-9492-9EF0B571B6AB}"
EndProject
Global
	GlobalSection(SharedMSBuildProjectFiles) = preSolution
		P42.Uno.Controls.Test\P42.Uno.Controls.Test.Shared\P42.Uno.Controls.Test.Shared.projitems*{2b511ed3-25a2-419d-bed3-2e55b6eae130}*SharedItemsImports = 4
		P42.Uno.Controls.Test\P42.Uno.Controls.Test.Shared\P42.Uno.Controls.Test.Shared.projitems*{a3afb69e-6b4a-4533-b6f9-a299a206fee1}*SharedItemsImports = 4
		P42.Uno.Controls.Test\P42.Uno.Controls.Test.Shared\P42.Uno.Controls.Test.Shared.projitems*{d887c14a-4473-4758-858c-ffb88dd45ad7}*SharedItemsImports = 4
		P42.Uno.Controls.Test\P42.Uno.Controls.Test.Shared\P42.Uno.Controls.Test.Shared.projitems*{f714af07-29e9-4a5b-9100-b33136006113}*SharedItemsImports = 4
		P42.Uno.Controls.Test\P42.Uno.Controls.Test.Shared\P42.Uno.Controls.Test.Shared.projitems*{fba76cfa-f1d2-45ab-b109-771ac34a9bcb}*SharedItemsImports = 13
		P42.Uno.Controls.Test\P42.Uno.Controls.Test.Shared\P42.Uno.Controls.Test.Shared.projitems*{fc79cf30-39c8-442f-b595-e011a1e26236}*SharedItemsImports = 5
	EndGlobalSection
	GlobalSection(SolutionConfigurationPlatforms) = preSolution
		Ad-Hoc|Any CPU = Ad-Hoc|Any CPU
		Ad-Hoc|ARM = Ad-Hoc|ARM
		Ad-Hoc|ARM64 = Ad-Hoc|ARM64
		Ad-Hoc|iPhone = Ad-Hoc|iPhone
		Ad-Hoc|iPhoneSimulator = Ad-Hoc|iPhoneSimulator
		Ad-Hoc|x64 = Ad-Hoc|x64
		Ad-Hoc|x86 = Ad-Hoc|x86
		AppStore|Any CPU = AppStore|Any CPU
		AppStore|ARM = AppStore|ARM
		AppStore|ARM64 = AppStore|ARM64
		AppStore|iPhone = AppStore|iPhone
		AppStore|iPhoneSimulator = AppStore|iPhoneSimulator
		AppStore|x64 = AppStore|x64
		AppStore|x86 = AppStore|x86
		Debug|Any CPU = Debug|Any CPU
		Debug|ARM = Debug|ARM
		Debug|ARM64 = Debug|ARM64
		Debug|iPhone = Debug|iPhone
		Debug|iPhoneSimulator = Debug|iPhoneSimulator
		Debug|x64 = Debug|x64
		Debug|x86 = Debug|x86
		Release|Any CPU = Release|Any CPU
		Release|ARM = Release|ARM
		Release|ARM64 = Release|ARM64
		Release|iPhone = Release|iPhone
		Release|iPhoneSimulator = Release|iPhoneSimulator
		Release|x64 = Release|x64
		Release|x86 = Release|x86
	EndGlobalSection
	GlobalSection(ProjectConfigurationPlatforms) = postSolution
		{2B511ED3-25A2-419D-BED3-2E55B6EAE130}.Ad-Hoc|Any CPU.ActiveCfg = Ad-Hoc|iPhoneSimulator
		{2B511ED3-25A2-419D-BED3-2E55B6EAE130}.Ad-Hoc|ARM.ActiveCfg = Ad-Hoc|iPhoneSimulator
		{2B511ED3-25A2-419D-BED3-2E55B6EAE130}.Ad-Hoc|ARM64.ActiveCfg = Ad-Hoc|iPhoneSimulator
		{2B511ED3-25A2-419D-BED3-2E55B6EAE130}.Ad-Hoc|iPhone.ActiveCfg = Ad-Hoc|iPhone
		{2B511ED3-25A2-419D-BED3-2E55B6EAE130}.Ad-Hoc|iPhone.Build.0 = Ad-Hoc|iPhone
		{2B511ED3-25A2-419D-BED3-2E55B6EAE130}.Ad-Hoc|iPhoneSimulator.ActiveCfg = Ad-Hoc|iPhoneSimulator
		{2B511ED3-25A2-419D-BED3-2E55B6EAE130}.Ad-Hoc|iPhoneSimulator.Build.0 = Ad-Hoc|iPhoneSimulator
		{2B511ED3-25A2-419D-BED3-2E55B6EAE130}.Ad-Hoc|x64.ActiveCfg = Ad-Hoc|iPhoneSimulator
		{2B511ED3-25A2-419D-BED3-2E55B6EAE130}.Ad-Hoc|x86.ActiveCfg = Ad-Hoc|iPhoneSimulator
		{2B511ED3-25A2-419D-BED3-2E55B6EAE130}.AppStore|Any CPU.ActiveCfg = AppStore|iPhoneSimulator
		{2B511ED3-25A2-419D-BED3-2E55B6EAE130}.AppStore|ARM.ActiveCfg = AppStore|iPhoneSimulator
		{2B511ED3-25A2-419D-BED3-2E55B6EAE130}.AppStore|ARM64.ActiveCfg = AppStore|iPhoneSimulator
		{2B511ED3-25A2-419D-BED3-2E55B6EAE130}.AppStore|iPhone.ActiveCfg = AppStore|iPhone
		{2B511ED3-25A2-419D-BED3-2E55B6EAE130}.AppStore|iPhone.Build.0 = AppStore|iPhone
		{2B511ED3-25A2-419D-BED3-2E55B6EAE130}.AppStore|iPhoneSimulator.ActiveCfg = AppStore|iPhoneSimulator
		{2B511ED3-25A2-419D-BED3-2E55B6EAE130}.AppStore|iPhoneSimulator.Build.0 = AppStore|iPhoneSimulator
		{2B511ED3-25A2-419D-BED3-2E55B6EAE130}.AppStore|x64.ActiveCfg = AppStore|iPhoneSimulator
		{2B511ED3-25A2-419D-BED3-2E55B6EAE130}.AppStore|x86.ActiveCfg = AppStore|iPhoneSimulator
		{2B511ED3-25A2-419D-BED3-2E55B6EAE130}.Debug|Any CPU.ActiveCfg = Debug|iPhoneSimulator
		{2B511ED3-25A2-419D-BED3-2E55B6EAE130}.Debug|ARM.ActiveCfg = Debug|iPhoneSimulator
		{2B511ED3-25A2-419D-BED3-2E55B6EAE130}.Debug|ARM64.ActiveCfg = Debug|iPhoneSimulator
		{2B511ED3-25A2-419D-BED3-2E55B6EAE130}.Debug|iPhone.ActiveCfg = Debug|iPhone
		{2B511ED3-25A2-419D-BED3-2E55B6EAE130}.Debug|iPhone.Build.0 = Debug|iPhone
		{2B511ED3-25A2-419D-BED3-2E55B6EAE130}.Debug|iPhoneSimulator.ActiveCfg = Debug|iPhoneSimulator
		{2B511ED3-25A2-419D-BED3-2E55B6EAE130}.Debug|iPhoneSimulator.Build.0 = Debug|iPhoneSimulator
		{2B511ED3-25A2-419D-BED3-2E55B6EAE130}.Debug|x64.ActiveCfg = Debug|iPhoneSimulator
		{2B511ED3-25A2-419D-BED3-2E55B6EAE130}.Debug|x86.ActiveCfg = Debug|iPhoneSimulator
		{2B511ED3-25A2-419D-BED3-2E55B6EAE130}.Release|Any CPU.ActiveCfg = Release|iPhoneSimulator
		{2B511ED3-25A2-419D-BED3-2E55B6EAE130}.Release|ARM.ActiveCfg = Release|iPhoneSimulator
		{2B511ED3-25A2-419D-BED3-2E55B6EAE130}.Release|ARM64.ActiveCfg = Release|iPhoneSimulator
		{2B511ED3-25A2-419D-BED3-2E55B6EAE130}.Release|iPhone.ActiveCfg = Release|iPhone
		{2B511ED3-25A2-419D-BED3-2E55B6EAE130}.Release|iPhone.Build.0 = Release|iPhone
		{2B511ED3-25A2-419D-BED3-2E55B6EAE130}.Release|iPhoneSimulator.ActiveCfg = Release|iPhoneSimulator
		{2B511ED3-25A2-419D-BED3-2E55B6EAE130}.Release|iPhoneSimulator.Build.0 = Release|iPhoneSimulator
		{2B511ED3-25A2-419D-BED3-2E55B6EAE130}.Release|x64.ActiveCfg = Release|iPhoneSimulator
		{2B511ED3-25A2-419D-BED3-2E55B6EAE130}.Release|x86.ActiveCfg = Release|iPhoneSimulator
		{609DE145-9639-4456-B25F-B323D0F7A338}.Ad-Hoc|Any CPU.ActiveCfg = Release|Any CPU
		{609DE145-9639-4456-B25F-B323D0F7A338}.Ad-Hoc|Any CPU.Build.0 = Release|Any CPU
		{609DE145-9639-4456-B25F-B323D0F7A338}.Ad-Hoc|ARM.ActiveCfg = Release|Any CPU
		{609DE145-9639-4456-B25F-B323D0F7A338}.Ad-Hoc|ARM.Build.0 = Release|Any CPU
		{609DE145-9639-4456-B25F-B323D0F7A338}.Ad-Hoc|ARM64.ActiveCfg = Release|Any CPU
		{609DE145-9639-4456-B25F-B323D0F7A338}.Ad-Hoc|ARM64.Build.0 = Release|Any CPU
		{609DE145-9639-4456-B25F-B323D0F7A338}.Ad-Hoc|iPhone.ActiveCfg = Release|Any CPU
		{609DE145-9639-4456-B25F-B323D0F7A338}.Ad-Hoc|iPhone.Build.0 = Release|Any CPU
		{609DE145-9639-4456-B25F-B323D0F7A338}.Ad-Hoc|iPhoneSimulator.ActiveCfg = Release|Any CPU
		{609DE145-9639-4456-B25F-B323D0F7A338}.Ad-Hoc|iPhoneSimulator.Build.0 = Release|Any CPU
		{609DE145-9639-4456-B25F-B323D0F7A338}.Ad-Hoc|x64.ActiveCfg = Release|Any CPU
		{609DE145-9639-4456-B25F-B323D0F7A338}.Ad-Hoc|x64.Build.0 = Release|Any CPU
		{609DE145-9639-4456-B25F-B323D0F7A338}.Ad-Hoc|x86.ActiveCfg = Release|Any CPU
		{609DE145-9639-4456-B25F-B323D0F7A338}.Ad-Hoc|x86.Build.0 = Release|Any CPU
		{609DE145-9639-4456-B25F-B323D0F7A338}.AppStore|Any CPU.ActiveCfg = Release|Any CPU
		{609DE145-9639-4456-B25F-B323D0F7A338}.AppStore|Any CPU.Build.0 = Release|Any CPU
		{609DE145-9639-4456-B25F-B323D0F7A338}.AppStore|ARM.ActiveCfg = Release|Any CPU
		{609DE145-9639-4456-B25F-B323D0F7A338}.AppStore|ARM.Build.0 = Release|Any CPU
		{609DE145-9639-4456-B25F-B323D0F7A338}.AppStore|ARM64.ActiveCfg = Release|Any CPU
		{609DE145-9639-4456-B25F-B323D0F7A338}.AppStore|ARM64.Build.0 = Release|Any CPU
		{609DE145-9639-4456-B25F-B323D0F7A338}.AppStore|iPhone.ActiveCfg = Release|Any CPU
		{609DE145-9639-4456-B25F-B323D0F7A338}.AppStore|iPhone.Build.0 = Release|Any CPU
		{609DE145-9639-4456-B25F-B323D0F7A338}.AppStore|iPhoneSimulator.ActiveCfg = Release|Any CPU
		{609DE145-9639-4456-B25F-B323D0F7A338}.AppStore|iPhoneSimulator.Build.0 = Release|Any CPU
		{609DE145-9639-4456-B25F-B323D0F7A338}.AppStore|x64.ActiveCfg = Release|Any CPU
		{609DE145-9639-4456-B25F-B323D0F7A338}.AppStore|x64.Build.0 = Release|Any CPU
		{609DE145-9639-4456-B25F-B323D0F7A338}.AppStore|x86.ActiveCfg = Release|Any CPU
		{609DE145-9639-4456-B25F-B323D0F7A338}.AppStore|x86.Build.0 = Release|Any CPU
		{609DE145-9639-4456-B25F-B323D0F7A338}.Debug|Any CPU.ActiveCfg = Debug|Any CPU
		{609DE145-9639-4456-B25F-B323D0F7A338}.Debug|Any CPU.Build.0 = Debug|Any CPU
		{609DE145-9639-4456-B25F-B323D0F7A338}.Debug|ARM.ActiveCfg = Debug|Any CPU
		{609DE145-9639-4456-B25F-B323D0F7A338}.Debug|ARM.Build.0 = Debug|Any CPU
		{609DE145-9639-4456-B25F-B323D0F7A338}.Debug|ARM64.ActiveCfg = Debug|Any CPU
		{609DE145-9639-4456-B25F-B323D0F7A338}.Debug|ARM64.Build.0 = Debug|Any CPU
		{609DE145-9639-4456-B25F-B323D0F7A338}.Debug|iPhone.ActiveCfg = Debug|Any CPU
		{609DE145-9639-4456-B25F-B323D0F7A338}.Debug|iPhone.Build.0 = Debug|Any CPU
		{609DE145-9639-4456-B25F-B323D0F7A338}.Debug|iPhoneSimulator.ActiveCfg = Debug|Any CPU
		{609DE145-9639-4456-B25F-B323D0F7A338}.Debug|iPhoneSimulator.Build.0 = Debug|Any CPU
		{609DE145-9639-4456-B25F-B323D0F7A338}.Debug|x64.ActiveCfg = Debug|Any CPU
		{609DE145-9639-4456-B25F-B323D0F7A338}.Debug|x64.Build.0 = Debug|Any CPU
		{609DE145-9639-4456-B25F-B323D0F7A338}.Debug|x86.ActiveCfg = Debug|Any CPU
		{609DE145-9639-4456-B25F-B323D0F7A338}.Debug|x86.Build.0 = Debug|Any CPU
		{609DE145-9639-4456-B25F-B323D0F7A338}.Release|Any CPU.ActiveCfg = Release|Any CPU
		{609DE145-9639-4456-B25F-B323D0F7A338}.Release|Any CPU.Build.0 = Release|Any CPU
		{609DE145-9639-4456-B25F-B323D0F7A338}.Release|ARM.ActiveCfg = Release|Any CPU
		{609DE145-9639-4456-B25F-B323D0F7A338}.Release|ARM.Build.0 = Release|Any CPU
		{609DE145-9639-4456-B25F-B323D0F7A338}.Release|ARM64.ActiveCfg = Release|Any CPU
		{609DE145-9639-4456-B25F-B323D0F7A338}.Release|ARM64.Build.0 = Release|Any CPU
		{609DE145-9639-4456-B25F-B323D0F7A338}.Release|iPhone.ActiveCfg = Release|Any CPU
		{609DE145-9639-4456-B25F-B323D0F7A338}.Release|iPhone.Build.0 = Release|Any CPU
		{609DE145-9639-4456-B25F-B323D0F7A338}.Release|iPhoneSimulator.ActiveCfg = Release|Any CPU
		{609DE145-9639-4456-B25F-B323D0F7A338}.Release|iPhoneSimulator.Build.0 = Release|Any CPU
		{609DE145-9639-4456-B25F-B323D0F7A338}.Release|x64.ActiveCfg = Release|Any CPU
		{609DE145-9639-4456-B25F-B323D0F7A338}.Release|x64.Build.0 = Release|Any CPU
		{609DE145-9639-4456-B25F-B323D0F7A338}.Release|x86.ActiveCfg = Release|Any CPU
		{609DE145-9639-4456-B25F-B323D0F7A338}.Release|x86.Build.0 = Release|Any CPU
		{50F278C5-CE67-41E5-AA46-CB285EAB2B55}.Ad-Hoc|Any CPU.ActiveCfg = Release|Any CPU
		{50F278C5-CE67-41E5-AA46-CB285EAB2B55}.Ad-Hoc|Any CPU.Build.0 = Release|Any CPU
		{50F278C5-CE67-41E5-AA46-CB285EAB2B55}.Ad-Hoc|ARM.ActiveCfg = Release|Any CPU
		{50F278C5-CE67-41E5-AA46-CB285EAB2B55}.Ad-Hoc|ARM.Build.0 = Release|Any CPU
		{50F278C5-CE67-41E5-AA46-CB285EAB2B55}.Ad-Hoc|ARM64.ActiveCfg = Release|Any CPU
		{50F278C5-CE67-41E5-AA46-CB285EAB2B55}.Ad-Hoc|ARM64.Build.0 = Release|Any CPU
		{50F278C5-CE67-41E5-AA46-CB285EAB2B55}.Ad-Hoc|iPhone.ActiveCfg = Release|Any CPU
		{50F278C5-CE67-41E5-AA46-CB285EAB2B55}.Ad-Hoc|iPhone.Build.0 = Release|Any CPU
		{50F278C5-CE67-41E5-AA46-CB285EAB2B55}.Ad-Hoc|iPhoneSimulator.ActiveCfg = Release|Any CPU
		{50F278C5-CE67-41E5-AA46-CB285EAB2B55}.Ad-Hoc|iPhoneSimulator.Build.0 = Release|Any CPU
		{50F278C5-CE67-41E5-AA46-CB285EAB2B55}.Ad-Hoc|x64.ActiveCfg = Release|Any CPU
		{50F278C5-CE67-41E5-AA46-CB285EAB2B55}.Ad-Hoc|x64.Build.0 = Release|Any CPU
		{50F278C5-CE67-41E5-AA46-CB285EAB2B55}.Ad-Hoc|x86.ActiveCfg = Release|Any CPU
		{50F278C5-CE67-41E5-AA46-CB285EAB2B55}.Ad-Hoc|x86.Build.0 = Release|Any CPU
		{50F278C5-CE67-41E5-AA46-CB285EAB2B55}.AppStore|Any CPU.ActiveCfg = Release|Any CPU
		{50F278C5-CE67-41E5-AA46-CB285EAB2B55}.AppStore|Any CPU.Build.0 = Release|Any CPU
		{50F278C5-CE67-41E5-AA46-CB285EAB2B55}.AppStore|ARM.ActiveCfg = Release|Any CPU
		{50F278C5-CE67-41E5-AA46-CB285EAB2B55}.AppStore|ARM.Build.0 = Release|Any CPU
		{50F278C5-CE67-41E5-AA46-CB285EAB2B55}.AppStore|ARM64.ActiveCfg = Release|Any CPU
		{50F278C5-CE67-41E5-AA46-CB285EAB2B55}.AppStore|ARM64.Build.0 = Release|Any CPU
		{50F278C5-CE67-41E5-AA46-CB285EAB2B55}.AppStore|iPhone.ActiveCfg = Release|Any CPU
		{50F278C5-CE67-41E5-AA46-CB285EAB2B55}.AppStore|iPhone.Build.0 = Release|Any CPU
		{50F278C5-CE67-41E5-AA46-CB285EAB2B55}.AppStore|iPhoneSimulator.ActiveCfg = Release|Any CPU
		{50F278C5-CE67-41E5-AA46-CB285EAB2B55}.AppStore|iPhoneSimulator.Build.0 = Release|Any CPU
		{50F278C5-CE67-41E5-AA46-CB285EAB2B55}.AppStore|x64.ActiveCfg = Release|Any CPU
		{50F278C5-CE67-41E5-AA46-CB285EAB2B55}.AppStore|x64.Build.0 = Release|Any CPU
		{50F278C5-CE67-41E5-AA46-CB285EAB2B55}.AppStore|x86.ActiveCfg = Release|Any CPU
		{50F278C5-CE67-41E5-AA46-CB285EAB2B55}.AppStore|x86.Build.0 = Release|Any CPU
		{50F278C5-CE67-41E5-AA46-CB285EAB2B55}.Debug|Any CPU.ActiveCfg = Debug|Any CPU
		{50F278C5-CE67-41E5-AA46-CB285EAB2B55}.Debug|Any CPU.Build.0 = Debug|Any CPU
		{50F278C5-CE67-41E5-AA46-CB285EAB2B55}.Debug|ARM.ActiveCfg = Debug|Any CPU
		{50F278C5-CE67-41E5-AA46-CB285EAB2B55}.Debug|ARM.Build.0 = Debug|Any CPU
		{50F278C5-CE67-41E5-AA46-CB285EAB2B55}.Debug|ARM64.ActiveCfg = Debug|Any CPU
		{50F278C5-CE67-41E5-AA46-CB285EAB2B55}.Debug|ARM64.Build.0 = Debug|Any CPU
		{50F278C5-CE67-41E5-AA46-CB285EAB2B55}.Debug|iPhone.ActiveCfg = Debug|Any CPU
		{50F278C5-CE67-41E5-AA46-CB285EAB2B55}.Debug|iPhone.Build.0 = Debug|Any CPU
		{50F278C5-CE67-41E5-AA46-CB285EAB2B55}.Debug|iPhoneSimulator.ActiveCfg = Debug|Any CPU
		{50F278C5-CE67-41E5-AA46-CB285EAB2B55}.Debug|iPhoneSimulator.Build.0 = Debug|Any CPU
		{50F278C5-CE67-41E5-AA46-CB285EAB2B55}.Debug|x64.ActiveCfg = Debug|Any CPU
		{50F278C5-CE67-41E5-AA46-CB285EAB2B55}.Debug|x64.Build.0 = Debug|Any CPU
		{50F278C5-CE67-41E5-AA46-CB285EAB2B55}.Debug|x86.ActiveCfg = Debug|Any CPU
		{50F278C5-CE67-41E5-AA46-CB285EAB2B55}.Debug|x86.Build.0 = Debug|Any CPU
		{50F278C5-CE67-41E5-AA46-CB285EAB2B55}.Release|Any CPU.ActiveCfg = Release|Any CPU
		{50F278C5-CE67-41E5-AA46-CB285EAB2B55}.Release|Any CPU.Build.0 = Release|Any CPU
		{50F278C5-CE67-41E5-AA46-CB285EAB2B55}.Release|ARM.ActiveCfg = Release|Any CPU
		{50F278C5-CE67-41E5-AA46-CB285EAB2B55}.Release|ARM.Build.0 = Release|Any CPU
		{50F278C5-CE67-41E5-AA46-CB285EAB2B55}.Release|ARM64.ActiveCfg = Release|Any CPU
		{50F278C5-CE67-41E5-AA46-CB285EAB2B55}.Release|ARM64.Build.0 = Release|Any CPU
		{50F278C5-CE67-41E5-AA46-CB285EAB2B55}.Release|iPhone.ActiveCfg = Release|Any CPU
		{50F278C5-CE67-41E5-AA46-CB285EAB2B55}.Release|iPhone.Build.0 = Release|Any CPU
		{50F278C5-CE67-41E5-AA46-CB285EAB2B55}.Release|iPhoneSimulator.ActiveCfg = Release|Any CPU
		{50F278C5-CE67-41E5-AA46-CB285EAB2B55}.Release|iPhoneSimulator.Build.0 = Release|Any CPU
		{50F278C5-CE67-41E5-AA46-CB285EAB2B55}.Release|x64.ActiveCfg = Release|Any CPU
		{50F278C5-CE67-41E5-AA46-CB285EAB2B55}.Release|x64.Build.0 = Release|Any CPU
		{50F278C5-CE67-41E5-AA46-CB285EAB2B55}.Release|x86.ActiveCfg = Release|Any CPU
		{50F278C5-CE67-41E5-AA46-CB285EAB2B55}.Release|x86.Build.0 = Release|Any CPU
		{51B840D1-A248-4450-96EC-44DDAA789EAB}.Ad-Hoc|Any CPU.ActiveCfg = Release|Any CPU
		{51B840D1-A248-4450-96EC-44DDAA789EAB}.Ad-Hoc|Any CPU.Build.0 = Release|Any CPU
		{51B840D1-A248-4450-96EC-44DDAA789EAB}.Ad-Hoc|ARM.ActiveCfg = Release|Any CPU
		{51B840D1-A248-4450-96EC-44DDAA789EAB}.Ad-Hoc|ARM.Build.0 = Release|Any CPU
		{51B840D1-A248-4450-96EC-44DDAA789EAB}.Ad-Hoc|ARM64.ActiveCfg = Release|Any CPU
		{51B840D1-A248-4450-96EC-44DDAA789EAB}.Ad-Hoc|ARM64.Build.0 = Release|Any CPU
		{51B840D1-A248-4450-96EC-44DDAA789EAB}.Ad-Hoc|iPhone.ActiveCfg = Release|Any CPU
		{51B840D1-A248-4450-96EC-44DDAA789EAB}.Ad-Hoc|iPhone.Build.0 = Release|Any CPU
		{51B840D1-A248-4450-96EC-44DDAA789EAB}.Ad-Hoc|iPhoneSimulator.ActiveCfg = Release|Any CPU
		{51B840D1-A248-4450-96EC-44DDAA789EAB}.Ad-Hoc|iPhoneSimulator.Build.0 = Release|Any CPU
		{51B840D1-A248-4450-96EC-44DDAA789EAB}.Ad-Hoc|x64.ActiveCfg = Release|Any CPU
		{51B840D1-A248-4450-96EC-44DDAA789EAB}.Ad-Hoc|x64.Build.0 = Release|Any CPU
		{51B840D1-A248-4450-96EC-44DDAA789EAB}.Ad-Hoc|x86.ActiveCfg = Release|Any CPU
		{51B840D1-A248-4450-96EC-44DDAA789EAB}.Ad-Hoc|x86.Build.0 = Release|Any CPU
		{51B840D1-A248-4450-96EC-44DDAA789EAB}.AppStore|Any CPU.ActiveCfg = Release|Any CPU
		{51B840D1-A248-4450-96EC-44DDAA789EAB}.AppStore|Any CPU.Build.0 = Release|Any CPU
		{51B840D1-A248-4450-96EC-44DDAA789EAB}.AppStore|ARM.ActiveCfg = Release|Any CPU
		{51B840D1-A248-4450-96EC-44DDAA789EAB}.AppStore|ARM.Build.0 = Release|Any CPU
		{51B840D1-A248-4450-96EC-44DDAA789EAB}.AppStore|ARM64.ActiveCfg = Release|Any CPU
		{51B840D1-A248-4450-96EC-44DDAA789EAB}.AppStore|ARM64.Build.0 = Release|Any CPU
		{51B840D1-A248-4450-96EC-44DDAA789EAB}.AppStore|iPhone.ActiveCfg = Release|Any CPU
		{51B840D1-A248-4450-96EC-44DDAA789EAB}.AppStore|iPhone.Build.0 = Release|Any CPU
		{51B840D1-A248-4450-96EC-44DDAA789EAB}.AppStore|iPhoneSimulator.ActiveCfg = Release|Any CPU
		{51B840D1-A248-4450-96EC-44DDAA789EAB}.AppStore|iPhoneSimulator.Build.0 = Release|Any CPU
		{51B840D1-A248-4450-96EC-44DDAA789EAB}.AppStore|x64.ActiveCfg = Release|Any CPU
		{51B840D1-A248-4450-96EC-44DDAA789EAB}.AppStore|x64.Build.0 = Release|Any CPU
		{51B840D1-A248-4450-96EC-44DDAA789EAB}.AppStore|x86.ActiveCfg = Release|Any CPU
		{51B840D1-A248-4450-96EC-44DDAA789EAB}.AppStore|x86.Build.0 = Release|Any CPU
		{51B840D1-A248-4450-96EC-44DDAA789EAB}.Debug|Any CPU.ActiveCfg = Debug|Any CPU
		{51B840D1-A248-4450-96EC-44DDAA789EAB}.Debug|Any CPU.Build.0 = Debug|Any CPU
		{51B840D1-A248-4450-96EC-44DDAA789EAB}.Debug|ARM.ActiveCfg = Debug|Any CPU
		{51B840D1-A248-4450-96EC-44DDAA789EAB}.Debug|ARM.Build.0 = Debug|Any CPU
		{51B840D1-A248-4450-96EC-44DDAA789EAB}.Debug|ARM64.ActiveCfg = Debug|Any CPU
		{51B840D1-A248-4450-96EC-44DDAA789EAB}.Debug|ARM64.Build.0 = Debug|Any CPU
		{51B840D1-A248-4450-96EC-44DDAA789EAB}.Debug|iPhone.ActiveCfg = Debug|Any CPU
		{51B840D1-A248-4450-96EC-44DDAA789EAB}.Debug|iPhone.Build.0 = Debug|Any CPU
		{51B840D1-A248-4450-96EC-44DDAA789EAB}.Debug|iPhoneSimulator.ActiveCfg = Debug|Any CPU
		{51B840D1-A248-4450-96EC-44DDAA789EAB}.Debug|iPhoneSimulator.Build.0 = Debug|Any CPU
		{51B840D1-A248-4450-96EC-44DDAA789EAB}.Debug|x64.ActiveCfg = Debug|Any CPU
		{51B840D1-A248-4450-96EC-44DDAA789EAB}.Debug|x64.Build.0 = Debug|Any CPU
		{51B840D1-A248-4450-96EC-44DDAA789EAB}.Debug|x86.ActiveCfg = Debug|Any CPU
		{51B840D1-A248-4450-96EC-44DDAA789EAB}.Debug|x86.Build.0 = Debug|Any CPU
		{51B840D1-A248-4450-96EC-44DDAA789EAB}.Release|Any CPU.ActiveCfg = Release|Any CPU
		{51B840D1-A248-4450-96EC-44DDAA789EAB}.Release|Any CPU.Build.0 = Release|Any CPU
		{51B840D1-A248-4450-96EC-44DDAA789EAB}.Release|ARM.ActiveCfg = Release|Any CPU
		{51B840D1-A248-4450-96EC-44DDAA789EAB}.Release|ARM.Build.0 = Release|Any CPU
		{51B840D1-A248-4450-96EC-44DDAA789EAB}.Release|ARM64.ActiveCfg = Release|Any CPU
		{51B840D1-A248-4450-96EC-44DDAA789EAB}.Release|ARM64.Build.0 = Release|Any CPU
		{51B840D1-A248-4450-96EC-44DDAA789EAB}.Release|iPhone.ActiveCfg = Release|Any CPU
		{51B840D1-A248-4450-96EC-44DDAA789EAB}.Release|iPhone.Build.0 = Release|Any CPU
		{51B840D1-A248-4450-96EC-44DDAA789EAB}.Release|iPhoneSimulator.ActiveCfg = Release|Any CPU
		{51B840D1-A248-4450-96EC-44DDAA789EAB}.Release|iPhoneSimulator.Build.0 = Release|Any CPU
		{51B840D1-A248-4450-96EC-44DDAA789EAB}.Release|x64.ActiveCfg = Release|Any CPU
		{51B840D1-A248-4450-96EC-44DDAA789EAB}.Release|x64.Build.0 = Release|Any CPU
		{51B840D1-A248-4450-96EC-44DDAA789EAB}.Release|x86.ActiveCfg = Release|Any CPU
		{51B840D1-A248-4450-96EC-44DDAA789EAB}.Release|x86.Build.0 = Release|Any CPU
		{684DFBE1-23E9-49D6-9492-9EF0B571B6AB}.Ad-Hoc|Any CPU.ActiveCfg = Release|Any CPU
		{684DFBE1-23E9-49D6-9492-9EF0B571B6AB}.Ad-Hoc|Any CPU.Build.0 = Release|Any CPU
		{684DFBE1-23E9-49D6-9492-9EF0B571B6AB}.Ad-Hoc|ARM.ActiveCfg = Release|Any CPU
		{684DFBE1-23E9-49D6-9492-9EF0B571B6AB}.Ad-Hoc|ARM.Build.0 = Release|Any CPU
		{684DFBE1-23E9-49D6-9492-9EF0B571B6AB}.Ad-Hoc|ARM64.ActiveCfg = Release|Any CPU
		{684DFBE1-23E9-49D6-9492-9EF0B571B6AB}.Ad-Hoc|ARM64.Build.0 = Release|Any CPU
		{684DFBE1-23E9-49D6-9492-9EF0B571B6AB}.Ad-Hoc|iPhone.ActiveCfg = Release|Any CPU
		{684DFBE1-23E9-49D6-9492-9EF0B571B6AB}.Ad-Hoc|iPhone.Build.0 = Release|Any CPU
		{684DFBE1-23E9-49D6-9492-9EF0B571B6AB}.Ad-Hoc|iPhoneSimulator.ActiveCfg = Release|Any CPU
		{684DFBE1-23E9-49D6-9492-9EF0B571B6AB}.Ad-Hoc|iPhoneSimulator.Build.0 = Release|Any CPU
		{684DFBE1-23E9-49D6-9492-9EF0B571B6AB}.Ad-Hoc|x64.ActiveCfg = Release|Any CPU
		{684DFBE1-23E9-49D6-9492-9EF0B571B6AB}.Ad-Hoc|x64.Build.0 = Release|Any CPU
		{684DFBE1-23E9-49D6-9492-9EF0B571B6AB}.Ad-Hoc|x86.ActiveCfg = Release|Any CPU
		{684DFBE1-23E9-49D6-9492-9EF0B571B6AB}.Ad-Hoc|x86.Build.0 = Release|Any CPU
		{684DFBE1-23E9-49D6-9492-9EF0B571B6AB}.AppStore|Any CPU.ActiveCfg = Release|Any CPU
		{684DFBE1-23E9-49D6-9492-9EF0B571B6AB}.AppStore|Any CPU.Build.0 = Release|Any CPU
		{684DFBE1-23E9-49D6-9492-9EF0B571B6AB}.AppStore|ARM.ActiveCfg = Release|Any CPU
		{684DFBE1-23E9-49D6-9492-9EF0B571B6AB}.AppStore|ARM.Build.0 = Release|Any CPU
		{684DFBE1-23E9-49D6-9492-9EF0B571B6AB}.AppStore|ARM64.ActiveCfg = Release|Any CPU
		{684DFBE1-23E9-49D6-9492-9EF0B571B6AB}.AppStore|ARM64.Build.0 = Release|Any CPU
		{684DFBE1-23E9-49D6-9492-9EF0B571B6AB}.AppStore|iPhone.ActiveCfg = Release|Any CPU
		{684DFBE1-23E9-49D6-9492-9EF0B571B6AB}.AppStore|iPhone.Build.0 = Release|Any CPU
		{684DFBE1-23E9-49D6-9492-9EF0B571B6AB}.AppStore|iPhoneSimulator.ActiveCfg = Release|Any CPU
		{684DFBE1-23E9-49D6-9492-9EF0B571B6AB}.AppStore|iPhoneSimulator.Build.0 = Release|Any CPU
		{684DFBE1-23E9-49D6-9492-9EF0B571B6AB}.AppStore|x64.ActiveCfg = Release|Any CPU
		{684DFBE1-23E9-49D6-9492-9EF0B571B6AB}.AppStore|x64.Build.0 = Release|Any CPU
		{684DFBE1-23E9-49D6-9492-9EF0B571B6AB}.AppStore|x86.ActiveCfg = Release|Any CPU
		{684DFBE1-23E9-49D6-9492-9EF0B571B6AB}.AppStore|x86.Build.0 = Release|Any CPU
		{684DFBE1-23E9-49D6-9492-9EF0B571B6AB}.Debug|Any CPU.ActiveCfg = Debug|Any CPU
		{684DFBE1-23E9-49D6-9492-9EF0B571B6AB}.Debug|Any CPU.Build.0 = Debug|Any CPU
		{684DFBE1-23E9-49D6-9492-9EF0B571B6AB}.Debug|ARM.ActiveCfg = Debug|Any CPU
		{684DFBE1-23E9-49D6-9492-9EF0B571B6AB}.Debug|ARM.Build.0 = Debug|Any CPU
		{684DFBE1-23E9-49D6-9492-9EF0B571B6AB}.Debug|ARM64.ActiveCfg = Debug|Any CPU
		{684DFBE1-23E9-49D6-9492-9EF0B571B6AB}.Debug|ARM64.Build.0 = Debug|Any CPU
		{684DFBE1-23E9-49D6-9492-9EF0B571B6AB}.Debug|iPhone.ActiveCfg = Debug|Any CPU
		{684DFBE1-23E9-49D6-9492-9EF0B571B6AB}.Debug|iPhone.Build.0 = Debug|Any CPU
		{684DFBE1-23E9-49D6-9492-9EF0B571B6AB}.Debug|iPhoneSimulator.ActiveCfg = Debug|Any CPU
		{684DFBE1-23E9-49D6-9492-9EF0B571B6AB}.Debug|iPhoneSimulator.Build.0 = Debug|Any CPU
		{684DFBE1-23E9-49D6-9492-9EF0B571B6AB}.Debug|x64.ActiveCfg = Debug|Any CPU
		{684DFBE1-23E9-49D6-9492-9EF0B571B6AB}.Debug|x64.Build.0 = Debug|Any CPU
		{684DFBE1-23E9-49D6-9492-9EF0B571B6AB}.Debug|x86.ActiveCfg = Debug|Any CPU
		{684DFBE1-23E9-49D6-9492-9EF0B571B6AB}.Debug|x86.Build.0 = Debug|Any CPU
		{684DFBE1-23E9-49D6-9492-9EF0B571B6AB}.Release|Any CPU.ActiveCfg = Release|Any CPU
		{684DFBE1-23E9-49D6-9492-9EF0B571B6AB}.Release|Any CPU.Build.0 = Release|Any CPU
		{684DFBE1-23E9-49D6-9492-9EF0B571B6AB}.Release|ARM.ActiveCfg = Release|Any CPU
		{684DFBE1-23E9-49D6-9492-9EF0B571B6AB}.Release|ARM.Build.0 = Release|Any CPU
		{684DFBE1-23E9-49D6-9492-9EF0B571B6AB}.Release|ARM64.ActiveCfg = Release|Any CPU
		{684DFBE1-23E9-49D6-9492-9EF0B571B6AB}.Release|ARM64.Build.0 = Release|Any CPU
		{684DFBE1-23E9-49D6-9492-9EF0B571B6AB}.Release|iPhone.ActiveCfg = Release|Any CPU
		{684DFBE1-23E9-49D6-9492-9EF0B571B6AB}.Release|iPhone.Build.0 = Release|Any CPU
		{684DFBE1-23E9-49D6-9492-9EF0B571B6AB}.Release|iPhoneSimulator.ActiveCfg = Release|Any CPU
		{684DFBE1-23E9-49D6-9492-9EF0B571B6AB}.Release|iPhoneSimulator.Build.0 = Release|Any CPU
		{684DFBE1-23E9-49D6-9492-9EF0B571B6AB}.Release|x64.ActiveCfg = Release|Any CPU
		{684DFBE1-23E9-49D6-9492-9EF0B571B6AB}.Release|x64.Build.0 = Release|Any CPU
		{684DFBE1-23E9-49D6-9492-9EF0B571B6AB}.Release|x86.ActiveCfg = Release|Any CPU
		{684DFBE1-23E9-49D6-9492-9EF0B571B6AB}.Release|x86.Build.0 = Release|Any CPU
	EndGlobalSection
	GlobalSection(SolutionProperties) = preSolution
		HideSolutionNode = FALSE
	EndGlobalSection
	GlobalSection(NestedProjects) = preSolution
		{609DE145-9639-4456-B25F-B323D0F7A338} = {2DA6EE46-BB4A-4C26-92EB-9C0632DF494C}
		{50F278C5-CE67-41E5-AA46-CB285EAB2B55} = {2DA6EE46-BB4A-4C26-92EB-9C0632DF494C}
		{51B840D1-A248-4450-96EC-44DDAA789EAB} = {2DA6EE46-BB4A-4C26-92EB-9C0632DF494C}
		{684DFBE1-23E9-49D6-9492-9EF0B571B6AB} = {2DA6EE46-BB4A-4C26-92EB-9C0632DF494C}
	EndGlobalSection
	GlobalSection(ExtensibilityGlobals) = postSolution
		SolutionGuid = {B578C203-05E0-4D0A-BEB0-432A1D6DEC5D}
	EndGlobalSection
EndGlobal
