Microsoft Visual Studio Solution File, Format Version 12.00
# Visual Studio Version 16
VisualStudioVersion = 16.0.29920.165
MinimumVisualStudioVersion = 15.0.26124.0

Project("{9A19103F-16F7-4668-BE54-9A1E7A4F7556}") = "P42.Uno.Controls.Demo.WinUI", "P42.Uno.Controls.Demo.WinUI\P42.Uno.Controls.Demo.WinUI.csproj", "{A5B8155A-119F-4794-B551-C6F3CF7E5411}"
EndProject

Project("{FAE04EC0-301F-11D3-BF4B-00C04F79EFBC}") = "P42.Uno.Controls.Demo.WinUI.Mobile", "P42.Uno.Controls.Demo.WinUI.Mobile\P42.Uno.Controls.Demo.WinUI.Mobile.csproj", "{0474F796-CD3C-4096-8E4E-D3318920F1AC}"
EndProject

Project("{9A19103F-16F7-4668-BE54-9A1E7A4F7556}") = "P42.Uno.Controls.Demo.WinUI.Wasm", "P42.Uno.Controls.Demo.WinUI.Wasm\P42.Uno.Controls.Demo.WinUI.Wasm.csproj", "{40EA03F7-8A22-4143-B251-79BAC3EB13D2}"
EndProject

Project("{9A19103F-16F7-4668-BE54-9A1E7A4F7556}") = "P42.Uno.Controls.Demo.WinUI.Server", "P42.Uno.Controls.Demo.WinUI.Server\P42.Uno.Controls.Demo.WinUI.Server.csproj", "{40EA03F7-8A22-1234-B251-79BAC3EB13D2}"
EndProject

Project("{9A19103F-16F7-4668-BE54-9A1E7A4F7556}") = "P42.Uno.Controls.Demo.WinUI.Skia.Gtk", "P42.Uno.Controls.Demo.WinUI.Skia.Gtk\P42.Uno.Controls.Demo.WinUI.Skia.Gtk.csproj", "{A5B8155A-118F-4794-B551-C6F3CF7E5411}"
EndProject

Project("{9A19103F-16F7-4668-BE54-9A1E7A4F7556}") = "P42.Uno.Controls.Demo.WinUI.Skia.WPF", "P42.Uno.Controls.Demo.WinUI.Skia.WPF\P42.Uno.Controls.Demo.WinUI.Skia.WPF.csproj", "{E76124D6-D935-4918-B21B-8C17F08720E4}"
EndProject

Project("{9A19103F-16F7-4668-BE54-9A1E7A4F7556}") = "P42.Uno.Controls.Demo.WinUI.Windows", "P42.Uno.Controls.Demo.WinUI.Windows\P42.Uno.Controls.Demo.WinUI.Windows.csproj", "{1AA13270-F438-4864-9435-54FD806E10EA}"
EndProject

Project("{9A19103F-16F7-4668-BE54-9A1E7A4F7556}") = "P42.Uno.Controls.Demo.WinUI.Skia.Linux.FrameBuffer", "P42.Uno.Controls.Demo.WinUI.Skia.Linux.FrameBuffer\P42.Uno.Controls.Demo.WinUI.Skia.Linux.FrameBuffer.csproj", "{761D821E-9905-4444-9ADF-76C995FE5427}"
EndProject

Global
	GlobalSection(SharedMSBuildProjectFiles) = preSolution
		P42.Uno.Controls.Demo.WinUI.Shared\P42.Uno.Controls.Demo.WinUI.Shared.projitems*{1aa13270-f438-4864-9435-54fd806e10ea}*SharedItemsImports = 5
		P42.Uno.Controls.Demo.WinUI.Shared\P42.Uno.Controls.Demo.WinUI.Shared.projitems*{DF23405D-76AA-464F-B86B-836FFA8DC3B5}*SharedItemsImports = 4
		P42.Uno.Controls.Demo.WinUI.Shared\P42.Uno.Controls.Demo.WinUI.Shared.projitems*{40ea03f7-8a22-4143-b251-79bac3eb13d2}*SharedItemsImports = 5
		P42.Uno.Controls.Demo.WinUI.Shared\P42.Uno.Controls.Demo.WinUI.Shared.projitems*{E76124D6-D935-4918-B21B-8C17F08720E4}*SharedItemsImports = 5
		P42.Uno.Controls.Demo.WinUI.Shared\P42.Uno.Controls.Demo.WinUI.Shared.projitems*{7A97ECC1-0DA9-4A24-B4B9-9E87A1D1E56D}*SharedItemsImports = 4
		P42.Uno.Controls.Demo.WinUI.Shared\P42.Uno.Controls.Demo.WinUI.Shared.projitems*{C8586FCB-8BC3-45DD-80FC-19E0CBE42664}*SharedItemsImports = 4
		P42.Uno.Controls.Demo.WinUI.Shared\P42.Uno.Controls.Demo.WinUI.Shared.projitems*{a5b8155a-118f-4794-b551-c6f3cf7e5411}*SharedItemsImports = 5
		P42.Uno.Controls.Demo.WinUI.Shared\P42.Uno.Controls.Demo.WinUI.Shared.projitems*{0474F796-CD3C-4096-8E4E-D3318920F1AC}*SharedItemsImports = 4
	EndGlobalSection
	GlobalSection(SolutionConfigurationPlatforms) = preSolution
		Debug|Any CPU = Debug|Any CPU
		Debug|ARM = Debug|ARM
		Debug|ARM64 = Debug|ARM64
		Debug|iPhone = Debug|iPhone
		Debug|iPhoneSimulator = Debug|iPhoneSimulator
		Debug|x64 = Debug|x64
		Debug|x86 = Debug|x86
		Release|Any CPU = Release|Any CPU
		Release|ARM = Release|ARM
		Release|ARM64 = Release|ARM64
		Release|iPhone = Release|iPhone
		Release|iPhoneSimulator = Release|iPhoneSimulator
		Release|x64 = Release|x64
		Release|x86 = Release|x86
	EndGlobalSection
	GlobalSection(ProjectConfigurationPlatforms) = postSolution
		{0474F796-CD3C-4096-8E4E-D3318920F1AC}.Debug|Any CPU.ActiveCfg = Debug|Any CPU
		{0474F796-CD3C-4096-8E4E-D3318920F1AC}.Debug|Any CPU.Build.0 = Debug|Any CPU
		{0474F796-CD3C-4096-8E4E-D3318920F1AC}.Debug|Any CPU.Deploy.0 = Debug|Any CPU
		{0474F796-CD3C-4096-8E4E-D3318920F1AC}.Debug|ARM.ActiveCfg = Debug|Any CPU
		{0474F796-CD3C-4096-8E4E-D3318920F1AC}.Debug|ARM.Build.0 = Debug|Any CPU
		{0474F796-CD3C-4096-8E4E-D3318920F1AC}.Debug|ARM.Deploy.0 = Debug|Any CPU
		{0474F796-CD3C-4096-8E4E-D3318920F1AC}.Debug|ARM64.ActiveCfg = Debug|Any CPU
		{0474F796-CD3C-4096-8E4E-D3318920F1AC}.Debug|ARM64.Build.0 = Debug|Any CPU
		{0474F796-CD3C-4096-8E4E-D3318920F1AC}.Debug|ARM64.Deploy.0 = Debug|Any CPU
		{0474F796-CD3C-4096-8E4E-D3318920F1AC}.Debug|iPhone.ActiveCfg = Debug|Any CPU
		{0474F796-CD3C-4096-8E4E-D3318920F1AC}.Debug|iPhone.Build.0 = Debug|Any CPU
		{0474F796-CD3C-4096-8E4E-D3318920F1AC}.Debug|iPhone.Deploy.0 = Debug|Any CPU
		{0474F796-CD3C-4096-8E4E-D3318920F1AC}.Debug|iPhoneSimulator.ActiveCfg = Debug|Any CPU
		{0474F796-CD3C-4096-8E4E-D3318920F1AC}.Debug|iPhoneSimulator.Build.0 = Debug|Any CPU
		{0474F796-CD3C-4096-8E4E-D3318920F1AC}.Debug|iPhoneSimulator.Deploy.0 = Debug|Any CPU
		{0474F796-CD3C-4096-8E4E-D3318920F1AC}.Debug|x64.ActiveCfg = Debug|Any CPU
		{0474F796-CD3C-4096-8E4E-D3318920F1AC}.Debug|x64.Build.0 = Debug|Any CPU
		{0474F796-CD3C-4096-8E4E-D3318920F1AC}.Debug|x64.Deploy.0 = Debug|Any CPU
		{0474F796-CD3C-4096-8E4E-D3318920F1AC}.Debug|x86.ActiveCfg = Debug|Any CPU
		{0474F796-CD3C-4096-8E4E-D3318920F1AC}.Debug|x86.Build.0 = Debug|Any CPU
		{0474F796-CD3C-4096-8E4E-D3318920F1AC}.Debug|x86.Deploy.0 = Debug|Any CPU

		{0474F796-CD3C-4096-8E4E-D3318920F1AC}.Release|Any CPU.ActiveCfg = Release|Any CPU
		{0474F796-CD3C-4096-8E4E-D3318920F1AC}.Release|Any CPU.Build.0 = Release|Any CPU
		{0474F796-CD3C-4096-8E4E-D3318920F1AC}.Release|Any CPU.Deploy.0 = Release|Any CPU
		{0474F796-CD3C-4096-8E4E-D3318920F1AC}.Release|ARM.ActiveCfg = Release|Any CPU
		{0474F796-CD3C-4096-8E4E-D3318920F1AC}.Release|ARM.Build.0 = Release|Any CPU
		{0474F796-CD3C-4096-8E4E-D3318920F1AC}.Release|ARM.Deploy.0 = Release|Any CPU
		{0474F796-CD3C-4096-8E4E-D3318920F1AC}.Release|ARM64.ActiveCfg = Release|Any CPU
		{0474F796-CD3C-4096-8E4E-D3318920F1AC}.Release|ARM64.Build.0 = Release|Any CPU
		{0474F796-CD3C-4096-8E4E-D3318920F1AC}.Release|ARM64.Deploy.0 = Release|Any CPU
		{0474F796-CD3C-4096-8E4E-D3318920F1AC}.Release|iPhone.ActiveCfg = Release|Any CPU
		{0474F796-CD3C-4096-8E4E-D3318920F1AC}.Release|iPhone.Build.0 = Release|Any CPU
		{0474F796-CD3C-4096-8E4E-D3318920F1AC}.Release|iPhone.Deploy.0 = Release|Any CPU
		{0474F796-CD3C-4096-8E4E-D3318920F1AC}.Release|iPhoneSimulator.ActiveCfg = Release|Any CPU
		{0474F796-CD3C-4096-8E4E-D3318920F1AC}.Release|iPhoneSimulator.Build.0 = Release|Any CPU
		{0474F796-CD3C-4096-8E4E-D3318920F1AC}.Release|iPhoneSimulator.Deploy.0 = Release|Any CPU
		{0474F796-CD3C-4096-8E4E-D3318920F1AC}.Release|x64.ActiveCfg = Release|Any CPU
		{0474F796-CD3C-4096-8E4E-D3318920F1AC}.Release|x64.Build.0 = Release|Any CPU
		{0474F796-CD3C-4096-8E4E-D3318920F1AC}.Release|x64.Deploy.0 = Release|Any CPU
		{0474F796-CD3C-4096-8E4E-D3318920F1AC}.Release|x86.ActiveCfg = Release|Any CPU
		{0474F796-CD3C-4096-8E4E-D3318920F1AC}.Release|x86.Build.0 = Release|Any CPU
		{0474F796-CD3C-4096-8E4E-D3318920F1AC}.Release|x86.Deploy.0 = Release|Any CPU
		{C8586FCB-8BC3-45DD-80FC-19E0CBE42664}.Debug|Any CPU.ActiveCfg = Debug|iPhone
		{C8586FCB-8BC3-45DD-80FC-19E0CBE42664}.Debug|Any CPU.Build.0 = Debug|iPhone
		{C8586FCB-8BC3-45DD-80FC-19E0CBE42664}.Debug|Any CPU.Deploy.0 = Debug|iPhone
		{C8586FCB-8BC3-45DD-80FC-19E0CBE42664}.Debug|ARM.ActiveCfg = Debug|iPhone
		{C8586FCB-8BC3-45DD-80FC-19E0CBE42664}.Debug|ARM64.ActiveCfg = Debug|iPhone
		{C8586FCB-8BC3-45DD-80FC-19E0CBE42664}.Debug|iPhone.ActiveCfg = Debug|iPhone
		{C8586FCB-8BC3-45DD-80FC-19E0CBE42664}.Debug|iPhone.Build.0 = Debug|iPhone
		{C8586FCB-8BC3-45DD-80FC-19E0CBE42664}.Debug|iPhoneSimulator.ActiveCfg = Debug|iPhoneSimulator
		{C8586FCB-8BC3-45DD-80FC-19E0CBE42664}.Debug|iPhoneSimulator.Build.0 = Debug|iPhoneSimulator
		{C8586FCB-8BC3-45DD-80FC-19E0CBE42664}.Debug|x64.ActiveCfg = Debug|iPhone
		{C8586FCB-8BC3-45DD-80FC-19E0CBE42664}.Debug|x64.Build.0 = Debug|iPhone
		{C8586FCB-8BC3-45DD-80FC-19E0CBE42664}.Debug|x64.Deploy.0 = Debug|iPhone
		{C8586FCB-8BC3-45DD-80FC-19E0CBE42664}.Debug|x86.ActiveCfg = Debug|iPhoneSimulator
		{C8586FCB-8BC3-45DD-80FC-19E0CBE42664}.Debug|x86.Build.0 = Debug|iPhoneSimulator
		{C8586FCB-8BC3-45DD-80FC-19E0CBE42664}.Debug|x86.Deploy.0 = Debug|iPhoneSimulator
		{C8586FCB-8BC3-45DD-80FC-19E0CBE42664}.Release|Any CPU.ActiveCfg = Release|iPhone
		{C8586FCB-8BC3-45DD-80FC-19E0CBE42664}.Release|ARM.ActiveCfg = Release|iPhone
		{C8586FCB-8BC3-45DD-80FC-19E0CBE42664}.Release|ARM64.ActiveCfg = Release|iPhone
		{C8586FCB-8BC3-45DD-80FC-19E0CBE42664}.Release|iPhone.ActiveCfg = Release|iPhone
		{C8586FCB-8BC3-45DD-80FC-19E0CBE42664}.Release|iPhone.Build.0 = Release|iPhone
		{C8586FCB-8BC3-45DD-80FC-19E0CBE42664}.Release|iPhoneSimulator.ActiveCfg = Release|iPhoneSimulator
		{C8586FCB-8BC3-45DD-80FC-19E0CBE42664}.Release|iPhoneSimulator.Build.0 = Release|iPhoneSimulator
		{C8586FCB-8BC3-45DD-80FC-19E0CBE42664}.Release|x64.ActiveCfg = Release|iPhoneSimulator
		{C8586FCB-8BC3-45DD-80FC-19E0CBE42664}.Release|x64.Build.0 = Release|iPhoneSimulator
		{C8586FCB-8BC3-45DD-80FC-19E0CBE42664}.Release|x64.Deploy.0 = Release|iPhoneSimulator
		{C8586FCB-8BC3-45DD-80FC-19E0CBE42664}.Release|x86.ActiveCfg = Release|iPhoneSimulator
		{C8586FCB-8BC3-45DD-80FC-19E0CBE42664}.Release|x86.Build.0 = Release|iPhoneSimulator

		{7A97ECC1-0DA9-4A24-B4B9-9E87A1D1E56D}.Debug|Any CPU.ActiveCfg = Debug|x86
		{7A97ECC1-0DA9-4A24-B4B9-9E87A1D1E56D}.Debug|Any CPU.Build.0 = Debug|x86
		{7A97ECC1-0DA9-4A24-B4B9-9E87A1D1E56D}.Debug|Any CPU.Deploy.0 = Debug|x86
		{7A97ECC1-0DA9-4A24-B4B9-9E87A1D1E56D}.Debug|ARM.ActiveCfg = Debug|ARM
		{7A97ECC1-0DA9-4A24-B4B9-9E87A1D1E56D}.Debug|ARM.Build.0 = Debug|ARM
		{7A97ECC1-0DA9-4A24-B4B9-9E87A1D1E56D}.Debug|ARM.Deploy.0 = Debug|ARM
		{7A97ECC1-0DA9-4A24-B4B9-9E87A1D1E56D}.Debug|ARM64.ActiveCfg = Debug|ARM64
		{7A97ECC1-0DA9-4A24-B4B9-9E87A1D1E56D}.Debug|ARM64.Build.0 = Debug|ARM64
		{7A97ECC1-0DA9-4A24-B4B9-9E87A1D1E56D}.Debug|ARM64.Deploy.0 = Debug|ARM64
		{7A97ECC1-0DA9-4A24-B4B9-9E87A1D1E56D}.Debug|iPhone.ActiveCfg = Debug|x86
		{7A97ECC1-0DA9-4A24-B4B9-9E87A1D1E56D}.Debug|iPhone.Build.0 = Debug|x86
		{7A97ECC1-0DA9-4A24-B4B9-9E87A1D1E56D}.Debug|iPhone.Deploy.0 = Debug|x86
		{7A97ECC1-0DA9-4A24-B4B9-9E87A1D1E56D}.Debug|iPhoneSimulator.ActiveCfg = Debug|x86
		{7A97ECC1-0DA9-4A24-B4B9-9E87A1D1E56D}.Debug|iPhoneSimulator.Build.0 = Debug|x86
		{7A97ECC1-0DA9-4A24-B4B9-9E87A1D1E56D}.Debug|iPhoneSimulator.Deploy.0 = Debug|x86
		{7A97ECC1-0DA9-4A24-B4B9-9E87A1D1E56D}.Debug|x64.ActiveCfg = Debug|x64
		{7A97ECC1-0DA9-4A24-B4B9-9E87A1D1E56D}.Debug|x64.Build.0 = Debug|x64
		{7A97ECC1-0DA9-4A24-B4B9-9E87A1D1E56D}.Debug|x64.Deploy.0 = Debug|x64
		{7A97ECC1-0DA9-4A24-B4B9-9E87A1D1E56D}.Debug|x86.ActiveCfg = Debug|x86
		{7A97ECC1-0DA9-4A24-B4B9-9E87A1D1E56D}.Debug|x86.Build.0 = Debug|x86
		{7A97ECC1-0DA9-4A24-B4B9-9E87A1D1E56D}.Debug|x86.Deploy.0 = Debug|x86
		{7A97ECC1-0DA9-4A24-B4B9-9E87A1D1E56D}.Release|Any CPU.ActiveCfg = Release|x86
		{7A97ECC1-0DA9-4A24-B4B9-9E87A1D1E56D}.Release|ARM.ActiveCfg = Release|ARM
		{7A97ECC1-0DA9-4A24-B4B9-9E87A1D1E56D}.Release|ARM.Build.0 = Release|ARM
		{7A97ECC1-0DA9-4A24-B4B9-9E87A1D1E56D}.Release|ARM.Deploy.0 = Release|ARM
		{7A97ECC1-0DA9-4A24-B4B9-9E87A1D1E56D}.Release|ARM64.ActiveCfg = Release|ARM64
		{7A97ECC1-0DA9-4A24-B4B9-9E87A1D1E56D}.Release|ARM64.Build.0 = Release|ARM64
		{7A97ECC1-0DA9-4A24-B4B9-9E87A1D1E56D}.Release|ARM64.Deploy.0 = Release|ARM64
		{7A97ECC1-0DA9-4A24-B4B9-9E87A1D1E56D}.Release|iPhone.ActiveCfg = Release|x86
		{7A97ECC1-0DA9-4A24-B4B9-9E87A1D1E56D}.Release|iPhone.Build.0 = Release|x86
		{7A97ECC1-0DA9-4A24-B4B9-9E87A1D1E56D}.Release|iPhoneSimulator.ActiveCfg = Release|x86
		{7A97ECC1-0DA9-4A24-B4B9-9E87A1D1E56D}.Release|iPhoneSimulator.Build.0 = Release|x86
		{7A97ECC1-0DA9-4A24-B4B9-9E87A1D1E56D}.Release|iPhoneSimulator.Deploy.0 = Release|x86
		{7A97ECC1-0DA9-4A24-B4B9-9E87A1D1E56D}.Release|x64.ActiveCfg = Release|x64
		{7A97ECC1-0DA9-4A24-B4B9-9E87A1D1E56D}.Release|x64.Build.0 = Release|x64
		{7A97ECC1-0DA9-4A24-B4B9-9E87A1D1E56D}.Release|x64.Deploy.0 = Release|x64
		{7A97ECC1-0DA9-4A24-B4B9-9E87A1D1E56D}.Release|x86.ActiveCfg = Release|x86
		{7A97ECC1-0DA9-4A24-B4B9-9E87A1D1E56D}.Release|x86.Build.0 = Release|x86
		{7A97ECC1-0DA9-4A24-B4B9-9E87A1D1E56D}.Release|x86.Deploy.0 = Release|x86

		{E76124D6-D935-4918-B21B-8C17F08720E4}.Debug|Any CPU.ActiveCfg = Debug|Any CPU
		{E76124D6-D935-4918-B21B-8C17F08720E4}.Debug|Any CPU.Build.0 = Debug|Any CPU
		{E76124D6-D935-4918-B21B-8C17F08720E4}.Debug|Any CPU.Deploy.0 = Debug|Any CPU
		{E76124D6-D935-4918-B21B-8C17F08720E4}.Debug|ARM.ActiveCfg = Debug|Any CPU
		{E76124D6-D935-4918-B21B-8C17F08720E4}.Debug|ARM.Build.0 = Debug|Any CPU
		{E76124D6-D935-4918-B21B-8C17F08720E4}.Debug|ARM.Deploy.0 = Debug|Any CPU
		{E76124D6-D935-4918-B21B-8C17F08720E4}.Debug|ARM64.ActiveCfg = Debug|Any CPU
		{E76124D6-D935-4918-B21B-8C17F08720E4}.Debug|ARM64.Build.0 = Debug|Any CPU
		{E76124D6-D935-4918-B21B-8C17F08720E4}.Debug|ARM64.Deploy.0 = Debug|Any CPU
		{E76124D6-D935-4918-B21B-8C17F08720E4}.Debug|iPhone.ActiveCfg = Debug|Any CPU
		{E76124D6-D935-4918-B21B-8C17F08720E4}.Debug|iPhone.Build.0 = Debug|Any CPU
		{E76124D6-D935-4918-B21B-8C17F08720E4}.Debug|iPhone.Deploy.0 = Debug|Any CPU
		{E76124D6-D935-4918-B21B-8C17F08720E4}.Debug|iPhoneSimulator.ActiveCfg = Debug|Any CPU
		{E76124D6-D935-4918-B21B-8C17F08720E4}.Debug|iPhoneSimulator.Build.0 = Debug|Any CPU
		{E76124D6-D935-4918-B21B-8C17F08720E4}.Debug|iPhoneSimulator.Deploy.0 = Debug|Any CPU
		{E76124D6-D935-4918-B21B-8C17F08720E4}.Debug|x64.ActiveCfg = Debug|Any CPU
		{E76124D6-D935-4918-B21B-8C17F08720E4}.Debug|x64.Build.0 = Debug|Any CPU
		{E76124D6-D935-4918-B21B-8C17F08720E4}.Debug|x64.Deploy.0 = Debug|Any CPU
		{E76124D6-D935-4918-B21B-8C17F08720E4}.Debug|x86.ActiveCfg = Debug|Any CPU
		{E76124D6-D935-4918-B21B-8C17F08720E4}.Debug|x86.Build.0 = Debug|Any CPU
		{E76124D6-D935-4918-B21B-8C17F08720E4}.Debug|x86.Deploy.0 = Debug|Any CPU
		{E76124D6-D935-4918-B21B-8C17F08720E4}.Release|Any CPU.ActiveCfg = Release|Any CPU
		{E76124D6-D935-4918-B21B-8C17F08720E4}.Release|Any CPU.Build.0 = Release|Any CPU
		{E76124D6-D935-4918-B21B-8C17F08720E4}.Release|ARM.ActiveCfg = Release|Any CPU
		{E76124D6-D935-4918-B21B-8C17F08720E4}.Release|ARM.Build.0 = Release|Any CPU
		{E76124D6-D935-4918-B21B-8C17F08720E4}.Release|ARM.Deploy.0 = Release|Any CPU
		{E76124D6-D935-4918-B21B-8C17F08720E4}.Release|ARM64.ActiveCfg = Release|Any CPU
		{E76124D6-D935-4918-B21B-8C17F08720E4}.Release|ARM64.Build.0 = Release|Any CPU
		{E76124D6-D935-4918-B21B-8C17F08720E4}.Release|ARM64.Deploy.0 = Release|Any CPU
		{E76124D6-D935-4918-B21B-8C17F08720E4}.Release|iPhone.ActiveCfg = Release|Any CPU
		{E76124D6-D935-4918-B21B-8C17F08720E4}.Release|iPhone.Build.0 = Release|Any CPU
		{E76124D6-D935-4918-B21B-8C17F08720E4}.Release|iPhoneSimulator.ActiveCfg = Release|Any CPU
		{E76124D6-D935-4918-B21B-8C17F08720E4}.Release|iPhoneSimulator.Build.0 = Release|Any CPU
		{E76124D6-D935-4918-B21B-8C17F08720E4}.Release|iPhoneSimulator.Deploy.0 = Release|Any CPU
		{E76124D6-D935-4918-B21B-8C17F08720E4}.Release|x64.ActiveCfg = Release|Any CPU
		{E76124D6-D935-4918-B21B-8C17F08720E4}.Release|x64.Build.0 = Release|Any CPU
		{E76124D6-D935-4918-B21B-8C17F08720E4}.Release|x64.Deploy.0 = Release|Any CPU
		{E76124D6-D935-4918-B21B-8C17F08720E4}.Release|x86.ActiveCfg = Release|Any CPU
		{E76124D6-D935-4918-B21B-8C17F08720E4}.Release|x86.Build.0 = Release|Any CPU
		{E76124D6-D935-4918-B21B-8C17F08720E4}.Release|x86.Deploy.0 = Release|Any CPU

		{A5B8155A-118F-4794-B551-C6F3CF7E5411}.Debug|Any CPU.ActiveCfg = Debug|Any CPU
		{A5B8155A-118F-4794-B551-C6F3CF7E5411}.Debug|Any CPU.Build.0 = Debug|Any CPU
		{A5B8155A-118F-4794-B551-C6F3CF7E5411}.Debug|ARM.ActiveCfg = Debug|Any CPU
		{A5B8155A-118F-4794-B551-C6F3CF7E5411}.Debug|ARM.Build.0 = Debug|Any CPU
		{A5B8155A-118F-4794-B551-C6F3CF7E5411}.Debug|ARM64.ActiveCfg = Debug|Any CPU
		{A5B8155A-118F-4794-B551-C6F3CF7E5411}.Debug|ARM64.Build.0 = Debug|Any CPU
		{A5B8155A-118F-4794-B551-C6F3CF7E5411}.Debug|iPhone.ActiveCfg = Debug|Any CPU
		{A5B8155A-118F-4794-B551-C6F3CF7E5411}.Debug|iPhone.Build.0 = Debug|Any CPU
		{A5B8155A-118F-4794-B551-C6F3CF7E5411}.Debug|iPhoneSimulator.ActiveCfg = Debug|Any CPU
		{A5B8155A-118F-4794-B551-C6F3CF7E5411}.Debug|iPhoneSimulator.Build.0 = Debug|Any CPU
		{A5B8155A-118F-4794-B551-C6F3CF7E5411}.Debug|x64.ActiveCfg = Debug|Any CPU
		{A5B8155A-118F-4794-B551-C6F3CF7E5411}.Debug|x64.Build.0 = Debug|Any CPU
		{A5B8155A-118F-4794-B551-C6F3CF7E5411}.Debug|x86.ActiveCfg = Debug|Any CPU
		{A5B8155A-118F-4794-B551-C6F3CF7E5411}.Debug|x86.Build.0 = Debug|Any CPU
		{A5B8155A-118F-4794-B551-C6F3CF7E5411}.Release|Any CPU.ActiveCfg = Release|Any CPU
		{A5B8155A-118F-4794-B551-C6F3CF7E5411}.Release|Any CPU.Build.0 = Release|Any CPU
		{A5B8155A-118F-4794-B551-C6F3CF7E5411}.Release|ARM.ActiveCfg = Release|Any CPU
		{A5B8155A-118F-4794-B551-C6F3CF7E5411}.Release|ARM.Build.0 = Release|Any CPU
		{A5B8155A-118F-4794-B551-C6F3CF7E5411}.Release|ARM64.ActiveCfg = Release|Any CPU
		{A5B8155A-118F-4794-B551-C6F3CF7E5411}.Release|ARM64.Build.0 = Release|Any CPU
		{A5B8155A-118F-4794-B551-C6F3CF7E5411}.Release|iPhone.ActiveCfg = Release|Any CPU
		{A5B8155A-118F-4794-B551-C6F3CF7E5411}.Release|iPhone.Build.0 = Release|Any CPU
		{A5B8155A-118F-4794-B551-C6F3CF7E5411}.Release|iPhoneSimulator.ActiveCfg = Release|Any CPU
		{A5B8155A-118F-4794-B551-C6F3CF7E5411}.Release|iPhoneSimulator.Build.0 = Release|Any CPU
		{A5B8155A-118F-4794-B551-C6F3CF7E5411}.Release|x64.ActiveCfg = Release|Any CPU
		{A5B8155A-118F-4794-B551-C6F3CF7E5411}.Release|x64.Build.0 = Release|Any CPU
		{A5B8155A-118F-4794-B551-C6F3CF7E5411}.Release|x86.ActiveCfg = Release|Any CPU
		{A5B8155A-118F-4794-B551-C6F3CF7E5411}.Release|x86.Build.0 = Release|Any CPU
		{1AA13270-F438-4864-9435-54FD806E10EA}.Debug|Any CPU.ActiveCfg = Debug|x86
		{1AA13270-F438-4864-9435-54FD806E10EA}.Debug|Any CPU.Build.0 = Debug|x86
		{1AA13270-F438-4864-9435-54FD806E10EA}.Debug|Any CPU.Deploy.0 = Debug|x86
		{1AA13270-F438-4864-9435-54FD806E10EA}.Debug|ARM.ActiveCfg = Debug|Any CPU
		{1AA13270-F438-4864-9435-54FD806E10EA}.Debug|ARM.Build.0 = Debug|Any CPU
		{1AA13270-F438-4864-9435-54FD806E10EA}.Debug|ARM64.ActiveCfg = Debug|x86
		{1AA13270-F438-4864-9435-54FD806E10EA}.Debug|ARM64.Build.0 = Debug|x86
		{1AA13270-F438-4864-9435-54FD806E10EA}.Debug|iPhone.ActiveCfg = Debug|Any CPU
		{1AA13270-F438-4864-9435-54FD806E10EA}.Debug|iPhone.Build.0 = Debug|Any CPU
		{1AA13270-F438-4864-9435-54FD806E10EA}.Debug|iPhoneSimulator.ActiveCfg = Debug|Any CPU
		{1AA13270-F438-4864-9435-54FD806E10EA}.Debug|iPhoneSimulator.Build.0 = Debug|Any CPU
		{1AA13270-F438-4864-9435-54FD806E10EA}.Debug|x64.ActiveCfg = Debug|x64
		{1AA13270-F438-4864-9435-54FD806E10EA}.Debug|x64.Build.0 = Debug|x64
		{1AA13270-F438-4864-9435-54FD806E10EA}.Debug|x64.Deploy.0 = Debug|x64
		{1AA13270-F438-4864-9435-54FD806E10EA}.Debug|x86.ActiveCfg = Debug|x86
		{1AA13270-F438-4864-9435-54FD806E10EA}.Debug|x86.Build.0 = Debug|x86
		{1AA13270-F438-4864-9435-54FD806E10EA}.Debug|x86.Deploy.0 = Debug|x86
		{1AA13270-F438-4864-9435-54FD806E10EA}.Release|Any CPU.ActiveCfg = Release|Any CPU
		{1AA13270-F438-4864-9435-54FD806E10EA}.Release|Any CPU.Build.0 = Release|Any CPU
		{1AA13270-F438-4864-9435-54FD806E10EA}.Release|Any CPU.Deploy.0 = Release|Any CPU
		{1AA13270-F438-4864-9435-54FD806E10EA}.Release|ARM.ActiveCfg = Release|Any CPU
		{1AA13270-F438-4864-9435-54FD806E10EA}.Release|ARM.Build.0 = Release|Any CPU
		{1AA13270-F438-4864-9435-54FD806E10EA}.Release|ARM64.ActiveCfg = Release|x86
		{1AA13270-F438-4864-9435-54FD806E10EA}.Release|ARM64.Build.0 = Release|x86
		{1AA13270-F438-4864-9435-54FD806E10EA}.Release|iPhone.ActiveCfg = Release|Any CPU
		{1AA13270-F438-4864-9435-54FD806E10EA}.Release|iPhone.Build.0 = Release|Any CPU
		{1AA13270-F438-4864-9435-54FD806E10EA}.Release|iPhoneSimulator.ActiveCfg = Release|Any CPU
		{1AA13270-F438-4864-9435-54FD806E10EA}.Release|iPhoneSimulator.Build.0 = Release|Any CPU
		{1AA13270-F438-4864-9435-54FD806E10EA}.Release|x64.ActiveCfg = Release|x64
		{1AA13270-F438-4864-9435-54FD806E10EA}.Release|x64.Build.0 = Release|x64
		{1AA13270-F438-4864-9435-54FD806E10EA}.Release|x64.Deploy.0 = Release|x64
		{1AA13270-F438-4864-9435-54FD806E10EA}.Release|x86.ActiveCfg = Release|x86
		{1AA13270-F438-4864-9435-54FD806E10EA}.Release|x86.Build.0 = Release|x86
		{1AA13270-F438-4864-9435-54FD806E10EA}.Release|x86.Deploy.0 = Release|x86

		{40EA03F7-8A22-4143-B251-79BAC3EB13D2}.Debug|Any CPU.ActiveCfg = Debug|Any CPU
		{40EA03F7-8A22-4143-B251-79BAC3EB13D2}.Debug|Any CPU.Build.0 = Debug|Any CPU
		{40EA03F7-8A22-4143-B251-79BAC3EB13D2}.Debug|ARM.ActiveCfg = Debug|Any CPU
		{40EA03F7-8A22-4143-B251-79BAC3EB13D2}.Debug|ARM.Build.0 = Debug|Any CPU
		{40EA03F7-8A22-4143-B251-79BAC3EB13D2}.Debug|ARM64.ActiveCfg = Debug|Any CPU
		{40EA03F7-8A22-4143-B251-79BAC3EB13D2}.Debug|ARM64.Build.0 = Debug|Any CPU
		{40EA03F7-8A22-4143-B251-79BAC3EB13D2}.Debug|iPhone.ActiveCfg = Debug|Any CPU
		{40EA03F7-8A22-4143-B251-79BAC3EB13D2}.Debug|iPhone.Build.0 = Debug|Any CPU
		{40EA03F7-8A22-4143-B251-79BAC3EB13D2}.Debug|iPhoneSimulator.ActiveCfg = Debug|Any CPU
		{40EA03F7-8A22-4143-B251-79BAC3EB13D2}.Debug|iPhoneSimulator.Build.0 = Debug|Any CPU
		{40EA03F7-8A22-4143-B251-79BAC3EB13D2}.Debug|x64.ActiveCfg = Debug|Any CPU
		{40EA03F7-8A22-4143-B251-79BAC3EB13D2}.Debug|x64.Build.0 = Debug|Any CPU
		{40EA03F7-8A22-4143-B251-79BAC3EB13D2}.Debug|x86.ActiveCfg = Debug|Any CPU
		{40EA03F7-8A22-4143-B251-79BAC3EB13D2}.Debug|x86.Build.0 = Debug|Any CPU
		{40EA03F7-8A22-4143-B251-79BAC3EB13D2}.Release|Any CPU.ActiveCfg = Release|Any CPU
		{40EA03F7-8A22-4143-B251-79BAC3EB13D2}.Release|Any CPU.Build.0 = Release|Any CPU
		{40EA03F7-8A22-4143-B251-79BAC3EB13D2}.Release|ARM.ActiveCfg = Release|Any CPU
		{40EA03F7-8A22-4143-B251-79BAC3EB13D2}.Release|ARM.Build.0 = Release|Any CPU
		{40EA03F7-8A22-4143-B251-79BAC3EB13D2}.Release|ARM64.ActiveCfg = Release|Any CPU
		{40EA03F7-8A22-4143-B251-79BAC3EB13D2}.Release|ARM64.Build.0 = Release|Any CPU
		{40EA03F7-8A22-4143-B251-79BAC3EB13D2}.Release|iPhone.ActiveCfg = Release|Any CPU
		{40EA03F7-8A22-4143-B251-79BAC3EB13D2}.Release|iPhone.Build.0 = Release|Any CPU
		{40EA03F7-8A22-4143-B251-79BAC3EB13D2}.Release|iPhoneSimulator.ActiveCfg = Release|Any CPU
		{40EA03F7-8A22-4143-B251-79BAC3EB13D2}.Release|iPhoneSimulator.Build.0 = Release|Any CPU
		{40EA03F7-8A22-4143-B251-79BAC3EB13D2}.Release|x64.ActiveCfg = Release|Any CPU
		{40EA03F7-8A22-4143-B251-79BAC3EB13D2}.Release|x64.Build.0 = Release|Any CPU
		{40EA03F7-8A22-4143-B251-79BAC3EB13D2}.Release|x86.ActiveCfg = Release|Any CPU
		{40EA03F7-8A22-4143-B251-79BAC3EB13D2}.Release|x86.Build.0 = Release|Any CPU

		{A5B8155A-119F-4794-B551-C6F3CF7E5411}.Debug|Any CPU.ActiveCfg = Debug|Any CPU
		{A5B8155A-119F-4794-B551-C6F3CF7E5411}.Debug|Any CPU.Build.0 = Debug|Any CPU
		{A5B8155A-119F-4794-B551-C6F3CF7E5411}.Debug|ARM.ActiveCfg = Debug|Any CPU
		{A5B8155A-119F-4794-B551-C6F3CF7E5411}.Debug|ARM.Build.0 = Debug|Any CPU
		{A5B8155A-119F-4794-B551-C6F3CF7E5411}.Debug|ARM64.ActiveCfg = Debug|Any CPU
		{A5B8155A-119F-4794-B551-C6F3CF7E5411}.Debug|ARM64.Build.0 = Debug|Any CPU
		{A5B8155A-119F-4794-B551-C6F3CF7E5411}.Debug|iPhone.ActiveCfg = Debug|Any CPU
		{A5B8155A-119F-4794-B551-C6F3CF7E5411}.Debug|iPhone.Build.0 = Debug|Any CPU
		{A5B8155A-119F-4794-B551-C6F3CF7E5411}.Debug|iPhoneSimulator.ActiveCfg = Debug|Any CPU
		{A5B8155A-119F-4794-B551-C6F3CF7E5411}.Debug|iPhoneSimulator.Build.0 = Debug|Any CPU
		{A5B8155A-119F-4794-B551-C6F3CF7E5411}.Debug|x64.ActiveCfg = Debug|Any CPU
		{A5B8155A-119F-4794-B551-C6F3CF7E5411}.Debug|x64.Build.0 = Debug|Any CPU
		{A5B8155A-119F-4794-B551-C6F3CF7E5411}.Debug|x86.ActiveCfg = Debug|Any CPU
		{A5B8155A-119F-4794-B551-C6F3CF7E5411}.Debug|x86.Build.0 = Debug|Any CPU
		{A5B8155A-119F-4794-B551-C6F3CF7E5411}.Release|Any CPU.ActiveCfg = Release|Any CPU
		{A5B8155A-119F-4794-B551-C6F3CF7E5411}.Release|Any CPU.Build.0 = Release|Any CPU
		{A5B8155A-119F-4794-B551-C6F3CF7E5411}.Release|ARM.ActiveCfg = Release|Any CPU
		{A5B8155A-119F-4794-B551-C6F3CF7E5411}.Release|ARM.Build.0 = Release|Any CPU
		{A5B8155A-119F-4794-B551-C6F3CF7E5411}.Release|ARM64.ActiveCfg = Release|Any CPU
		{A5B8155A-119F-4794-B551-C6F3CF7E5411}.Release|ARM64.Build.0 = Release|Any CPU
		{A5B8155A-119F-4794-B551-C6F3CF7E5411}.Release|iPhone.ActiveCfg = Release|Any CPU
		{A5B8155A-119F-4794-B551-C6F3CF7E5411}.Release|iPhone.Build.0 = Release|Any CPU
		{A5B8155A-119F-4794-B551-C6F3CF7E5411}.Release|iPhoneSimulator.ActiveCfg = Release|Any CPU
		{A5B8155A-119F-4794-B551-C6F3CF7E5411}.Release|iPhoneSimulator.Build.0 = Release|Any CPU
		{A5B8155A-119F-4794-B551-C6F3CF7E5411}.Release|x64.ActiveCfg = Release|Any CPU
		{A5B8155A-119F-4794-B551-C6F3CF7E5411}.Release|x64.Build.0 = Release|Any CPU
		{A5B8155A-119F-4794-B551-C6F3CF7E5411}.Release|x86.ActiveCfg = Release|Any CPU
		{A5B8155A-119F-4794-B551-C6F3CF7E5411}.Release|x86.Build.0 = Release|Any CPU

		{40EA03F7-8A22-1234-B251-79BAC3EB13D2}.Debug|Any CPU.ActiveCfg = Debug|Any CPU
		{40EA03F7-8A22-1234-B251-79BAC3EB13D2}.Debug|Any CPU.Build.0 = Debug|Any CPU
		{40EA03F7-8A22-1234-B251-79BAC3EB13D2}.Debug|ARM.ActiveCfg = Debug|Any CPU
		{40EA03F7-8A22-1234-B251-79BAC3EB13D2}.Debug|ARM.Build.0 = Debug|Any CPU
		{40EA03F7-8A22-1234-B251-79BAC3EB13D2}.Debug|ARM64.ActiveCfg = Debug|Any CPU
		{40EA03F7-8A22-1234-B251-79BAC3EB13D2}.Debug|ARM64.Build.0 = Debug|Any CPU
		{40EA03F7-8A22-1234-B251-79BAC3EB13D2}.Debug|iPhone.ActiveCfg = Debug|Any CPU
		{40EA03F7-8A22-1234-B251-79BAC3EB13D2}.Debug|iPhone.Build.0 = Debug|Any CPU
		{40EA03F7-8A22-1234-B251-79BAC3EB13D2}.Debug|iPhoneSimulator.ActiveCfg = Debug|Any CPU
		{40EA03F7-8A22-1234-B251-79BAC3EB13D2}.Debug|iPhoneSimulator.Build.0 = Debug|Any CPU
		{40EA03F7-8A22-1234-B251-79BAC3EB13D2}.Debug|x64.ActiveCfg = Debug|Any CPU
		{40EA03F7-8A22-1234-B251-79BAC3EB13D2}.Debug|x64.Build.0 = Debug|Any CPU
		{40EA03F7-8A22-1234-B251-79BAC3EB13D2}.Debug|x86.ActiveCfg = Debug|Any CPU
		{40EA03F7-8A22-1234-B251-79BAC3EB13D2}.Debug|x86.Build.0 = Debug|Any CPU
		{40EA03F7-8A22-1234-B251-79BAC3EB13D2}.Release|Any CPU.ActiveCfg = Release|Any CPU
		{40EA03F7-8A22-1234-B251-79BAC3EB13D2}.Release|Any CPU.Build.0 = Release|Any CPU
		{40EA03F7-8A22-1234-B251-79BAC3EB13D2}.Release|ARM.ActiveCfg = Release|Any CPU
		{40EA03F7-8A22-1234-B251-79BAC3EB13D2}.Release|ARM.Build.0 = Release|Any CPU
		{40EA03F7-8A22-1234-B251-79BAC3EB13D2}.Release|ARM64.ActiveCfg = Release|Any CPU
		{40EA03F7-8A22-1234-B251-79BAC3EB13D2}.Release|ARM64.Build.0 = Release|Any CPU
		{40EA03F7-8A22-1234-B251-79BAC3EB13D2}.Release|iPhone.ActiveCfg = Release|Any CPU
		{40EA03F7-8A22-1234-B251-79BAC3EB13D2}.Release|iPhone.Build.0 = Release|Any CPU
		{40EA03F7-8A22-1234-B251-79BAC3EB13D2}.Release|iPhoneSimulator.ActiveCfg = Release|Any CPU
		{40EA03F7-8A22-1234-B251-79BAC3EB13D2}.Release|iPhoneSimulator.Build.0 = Release|Any CPU
		{40EA03F7-8A22-1234-B251-79BAC3EB13D2}.Release|x64.ActiveCfg = Release|Any CPU
		{40EA03F7-8A22-1234-B251-79BAC3EB13D2}.Release|x64.Build.0 = Release|Any CPU
		{40EA03F7-8A22-1234-B251-79BAC3EB13D2}.Release|x86.ActiveCfg = Release|Any CPU
		{40EA03F7-8A22-1234-B251-79BAC3EB13D2}.Release|x86.Build.0 = Release|Any CPU

		{DF23405D-76AA-464F-B86B-836FFA8DC3B5}.Debug|Any CPU.ActiveCfg = Debug|iPhoneSimulator
		{DF23405D-76AA-464F-B86B-836FFA8DC3B5}.Debug|Any CPU.Build.0 = Debug|iPhoneSimulator
		{DF23405D-76AA-464F-B86B-836FFA8DC3B5}.Debug|ARM.ActiveCfg = Debug|iPhoneSimulator
		{DF23405D-76AA-464F-B86B-836FFA8DC3B5}.Debug|ARM64.ActiveCfg = Debug|iPhoneSimulator
		{DF23405D-76AA-464F-B86B-836FFA8DC3B5}.Debug|iPhone.ActiveCfg = Debug|iPhoneSimulator
		{DF23405D-76AA-464F-B86B-836FFA8DC3B5}.Debug|iPhone.Build.0 = Debug|iPhoneSimulator
		{DF23405D-76AA-464F-B86B-836FFA8DC3B5}.Debug|iPhoneSimulator.ActiveCfg = Debug|iPhoneSimulator
		{DF23405D-76AA-464F-B86B-836FFA8DC3B5}.Debug|iPhoneSimulator.Build.0 = Debug|iPhoneSimulator
		{DF23405D-76AA-464F-B86B-836FFA8DC3B5}.Debug|x64.ActiveCfg = Debug|iPhoneSimulator
		{DF23405D-76AA-464F-B86B-836FFA8DC3B5}.Debug|x64.Build.0 = Debug|iPhoneSimulator
		{DF23405D-76AA-464F-B86B-836FFA8DC3B5}.Debug|x86.ActiveCfg = Debug|iPhoneSimulator
		{DF23405D-76AA-464F-B86B-836FFA8DC3B5}.Debug|x86.Build.0 = Debug|iPhoneSimulator
		{DF23405D-76AA-464F-B86B-836FFA8DC3B5}.Release|Any CPU.ActiveCfg = Release|iPhoneSimulator
		{DF23405D-76AA-464F-B86B-836FFA8DC3B5}.Release|ARM.ActiveCfg = Release|iPhoneSimulator
		{DF23405D-76AA-464F-B86B-836FFA8DC3B5}.Release|ARM64.ActiveCfg = Release|iPhoneSimulator
		{DF23405D-76AA-464F-B86B-836FFA8DC3B5}.Release|iPhone.ActiveCfg = Release|iPhoneSimulator
		{DF23405D-76AA-464F-B86B-836FFA8DC3B5}.Release|iPhone.Build.0 = Release|iPhoneSimulator
		{DF23405D-76AA-464F-B86B-836FFA8DC3B5}.Release|iPhoneSimulator.ActiveCfg = Release|iPhoneSimulator
		{DF23405D-76AA-464F-B86B-836FFA8DC3B5}.Release|iPhoneSimulator.Build.0 = Release|iPhoneSimulator
		{DF23405D-76AA-464F-B86B-836FFA8DC3B5}.Release|x64.ActiveCfg = Release|iPhoneSimulator
		{DF23405D-76AA-464F-B86B-836FFA8DC3B5}.Release|x64.Build.0 = Release|iPhoneSimulator
		{DF23405D-76AA-464F-B86B-836FFA8DC3B5}.Release|x86.ActiveCfg = Release|iPhoneSimulator
		{DF23405D-76AA-464F-B86B-836FFA8DC3B5}.Release|x86.Build.0 = Release|iPhoneSimulator

		{04D3A50A-BD96-4168-A331-3AC5E63800DE}.Debug|Any CPU.ActiveCfg = Debug|arm64
		{04D3A50A-BD96-4168-A331-3AC5E63800DE}.Debug|Any CPU.Build.0 = Debug|arm64
		{04D3A50A-BD96-4168-A331-3AC5E63800DE}.Debug|ARM.ActiveCfg = Debug|Any CPU
		{04D3A50A-BD96-4168-A331-3AC5E63800DE}.Debug|ARM.Build.0 = Debug|Any CPU
		{04D3A50A-BD96-4168-A331-3AC5E63800DE}.Debug|ARM64.ActiveCfg = Debug|arm64
		{04D3A50A-BD96-4168-A331-3AC5E63800DE}.Debug|ARM64.Build.0 = Debug|arm64
		{04D3A50A-BD96-4168-A331-3AC5E63800DE}.Debug|iPhone.ActiveCfg = Debug|Any CPU
		{04D3A50A-BD96-4168-A331-3AC5E63800DE}.Debug|iPhone.Build.0 = Debug|Any CPU
		{04D3A50A-BD96-4168-A331-3AC5E63800DE}.Debug|iPhoneSimulator.ActiveCfg = Debug|Any CPU
		{04D3A50A-BD96-4168-A331-3AC5E63800DE}.Debug|iPhoneSimulator.Build.0 = Debug|Any CPU
		{04D3A50A-BD96-4168-A331-3AC5E63800DE}.Debug|x64.ActiveCfg = Debug|x64
		{04D3A50A-BD96-4168-A331-3AC5E63800DE}.Debug|x64.Build.0 = Debug|x64
		{04D3A50A-BD96-4168-A331-3AC5E63800DE}.Debug|x86.ActiveCfg = Debug|x86
		{04D3A50A-BD96-4168-A331-3AC5E63800DE}.Debug|x86.Build.0 = Debug|x86
		{04D3A50A-BD96-4168-A331-3AC5E63800DE}.Release|Any CPU.ActiveCfg = Release|Any CPU
		{04D3A50A-BD96-4168-A331-3AC5E63800DE}.Release|Any CPU.Build.0 = Release|Any CPU
		{04D3A50A-BD96-4168-A331-3AC5E63800DE}.Release|ARM.ActiveCfg = Release|Any CPU
		{04D3A50A-BD96-4168-A331-3AC5E63800DE}.Release|ARM.Build.0 = Release|Any CPU
		{04D3A50A-BD96-4168-A331-3AC5E63800DE}.Release|ARM64.ActiveCfg = Release|arm64
		{04D3A50A-BD96-4168-A331-3AC5E63800DE}.Release|ARM64.Build.0 = Release|arm64
		{04D3A50A-BD96-4168-A331-3AC5E63800DE}.Release|iPhone.ActiveCfg = Release|Any CPU
		{04D3A50A-BD96-4168-A331-3AC5E63800DE}.Release|iPhone.Build.0 = Release|Any CPU
		{04D3A50A-BD96-4168-A331-3AC5E63800DE}.Release|iPhoneSimulator.ActiveCfg = Release|Any CPU
		{04D3A50A-BD96-4168-A331-3AC5E63800DE}.Release|iPhoneSimulator.Build.0 = Release|Any CPU
		{04D3A50A-BD96-4168-A331-3AC5E63800DE}.Release|x64.ActiveCfg = Release|x64
		{04D3A50A-BD96-4168-A331-3AC5E63800DE}.Release|x64.Build.0 = Release|x64
		{04D3A50A-BD96-4168-A331-3AC5E63800DE}.Release|x86.ActiveCfg = Release|x86
		{04D3A50A-BD96-4168-A331-3AC5E63800DE}.Release|x86.Build.0 = Release|x86

		{761D821E-9905-4444-9ADF-76C995FE5427}.Debug|Any CPU.ActiveCfg = Debug|Any CPU
		{761D821E-9905-4444-9ADF-76C995FE5427}.Debug|Any CPU.Build.0 = Debug|Any CPU
		{761D821E-9905-4444-9ADF-76C995FE5427}.Debug|ARM.ActiveCfg = Debug|Any CPU
		{761D821E-9905-4444-9ADF-76C995FE5427}.Debug|ARM.Build.0 = Debug|Any CPU
		{761D821E-9905-4444-9ADF-76C995FE5427}.Debug|ARM64.ActiveCfg = Debug|Any CPU
		{761D821E-9905-4444-9ADF-76C995FE5427}.Debug|ARM64.Build.0 = Debug|Any CPU
		{761D821E-9905-4444-9ADF-76C995FE5427}.Debug|iPhone.ActiveCfg = Debug|Any CPU
		{761D821E-9905-4444-9ADF-76C995FE5427}.Debug|iPhone.Build.0 = Debug|Any CPU
		{761D821E-9905-4444-9ADF-76C995FE5427}.Debug|iPhoneSimulator.ActiveCfg = Debug|Any CPU
		{761D821E-9905-4444-9ADF-76C995FE5427}.Debug|iPhoneSimulator.Build.0 = Debug|Any CPU
		{761D821E-9905-4444-9ADF-76C995FE5427}.Debug|x64.ActiveCfg = Debug|Any CPU
		{761D821E-9905-4444-9ADF-76C995FE5427}.Debug|x64.Build.0 = Debug|Any CPU
		{761D821E-9905-4444-9ADF-76C995FE5427}.Debug|x86.ActiveCfg = Debug|Any CPU
		{761D821E-9905-4444-9ADF-76C995FE5427}.Debug|x86.Build.0 = Debug|Any CPU
		{761D821E-9905-4444-9ADF-76C995FE5427}.Release|Any CPU.ActiveCfg = Release|Any CPU
		{761D821E-9905-4444-9ADF-76C995FE5427}.Release|Any CPU.Build.0 = Release|Any CPU
		{761D821E-9905-4444-9ADF-76C995FE5427}.Release|ARM.ActiveCfg = Release|Any CPU
		{761D821E-9905-4444-9ADF-76C995FE5427}.Release|ARM.Build.0 = Release|Any CPU
		{761D821E-9905-4444-9ADF-76C995FE5427}.Release|ARM64.ActiveCfg = Release|Any CPU
		{761D821E-9905-4444-9ADF-76C995FE5427}.Release|ARM64.Build.0 = Release|Any CPU
		{761D821E-9905-4444-9ADF-76C995FE5427}.Release|iPhone.ActiveCfg = Release|Any CPU
		{761D821E-9905-4444-9ADF-76C995FE5427}.Release|iPhone.Build.0 = Release|Any CPU
		{761D821E-9905-4444-9ADF-76C995FE5427}.Release|iPhoneSimulator.ActiveCfg = Release|Any CPU
		{761D821E-9905-4444-9ADF-76C995FE5427}.Release|iPhoneSimulator.Build.0 = Release|Any CPU
		{761D821E-9905-4444-9ADF-76C995FE5427}.Release|x64.ActiveCfg = Release|Any CPU
		{761D821E-9905-4444-9ADF-76C995FE5427}.Release|x64.Build.0 = Release|Any CPU
		{761D821E-9905-4444-9ADF-76C995FE5427}.Release|x86.ActiveCfg = Release|Any CPU
		{761D821E-9905-4444-9ADF-76C995FE5427}.Release|x86.Build.0 = Release|Any CPU

	EndGlobalSection
	GlobalSection(SolutionProperties) = preSolution
		HideSolutionNode = FALSE
	EndGlobalSection
	GlobalSection(ExtensibilityGlobals) = postSolution
		SolutionGuid = {C7433AE2-B1A0-4C1A-887E-5CAA7AAF67A6}
	EndGlobalSection
EndGlobal
